// !$*UTF8*$!
{
	archiveVersion = 1;
	classes = {
	};
	objectVersion = 46;
	objects = {

/* Begin PBXBuildFile section */
		CFBD7B071F2AE65900D7BBA8 /* main.m in Sources */ = {isa = PBXBuildFile; fileRef = CFBD7B061F2AE65900D7BBA8 /* main.m */; };
		CFBD7B0A1F2AE65900D7BBA8 /* AppDelegate.m in Sources */ = {isa = PBXBuildFile; fileRef = CFBD7B091F2AE65900D7BBA8 /* AppDelegate.m */; };
		CFBD7B0D1F2AE65900D7BBA8 /* ViewController.m in Sources */ = {isa = PBXBuildFile; fileRef = CFBD7B0C1F2AE65900D7BBA8 /* ViewController.m */; };
		CFBD7B101F2AE65900D7BBA8 /* Main.storyboard in Resources */ = {isa = PBXBuildFile; fileRef = CFBD7B0E1F2AE65900D7BBA8 /* Main.storyboard */; };
		CFBD7B121F2AE65900D7BBA8 /* Assets.xcassets in Resources */ = {isa = PBXBuildFile; fileRef = CFBD7B111F2AE65900D7BBA8 /* Assets.xcassets */; };
		CFBD7B151F2AE65900D7BBA8 /* LaunchScreen.storyboard in Resources */ = {isa = PBXBuildFile; fileRef = CFBD7B131F2AE65900D7BBA8 /* LaunchScreen.storyboard */; };
		CFBD7B201F2AE65900D7BBA8 /* DWCollectionViewDemoTests.m in Sources */ = {isa = PBXBuildFile; fileRef = CFBD7B1F1F2AE65900D7BBA8 /* DWCollectionViewDemoTests.m */; };
/* End PBXBuildFile section */

/* Begin PBXContainerItemProxy section */
		CFBD7B1C1F2AE65900D7BBA8 /* PBXContainerItemProxy */ = {
			isa = PBXContainerItemProxy;
			containerPortal = CFBD7AFA1F2AE65900D7BBA8 /* Project object */;
			proxyType = 1;
			remoteGlobalIDString = CFBD7B011F2AE65900D7BBA8;
			remoteInfo = DWCollectionViewDemo;
		};
/* End PBXContainerItemProxy section */

/* Begin PBXFileReference section */
		CFBD7B021F2AE65900D7BBA8 /* DWCollectionViewDemo.app */ = {isa = PBXFileReference; explicitFileType = wrapper.application; includeInIndex = 0; path = DWCollectionViewDemo.app; sourceTree = BUILT_PRODUCTS_DIR; };
		CFBD7B061F2AE65900D7BBA8 /* main.m */ = {isa = PBXFileReference; lastKnownFileType = sourcecode.c.objc; path = main.m; sourceTree = "<group>"; };
		CFBD7B081F2AE65900D7BBA8 /* AppDelegate.h */ = {isa = PBXFileReference; lastKnownFileType = sourcecode.c.h; path = AppDelegate.h; sourceTree = "<group>"; };
		CFBD7B091F2AE65900D7BBA8 /* AppDelegate.m */ = {isa = PBXFileReference; lastKnownFileType = sourcecode.c.objc; path = AppDelegate.m; sourceTree = "<group>"; };
		CFBD7B0B1F2AE65900D7BBA8 /* ViewController.h */ = {isa = PBXFileReference; lastKnownFileType = sourcecode.c.h; path = ViewController.h; sourceTree = "<group>"; };
		CFBD7B0C1F2AE65900D7BBA8 /* ViewController.m */ = {isa = PBXFileReference; lastKnownFileType = sourcecode.c.objc; path = ViewController.m; sourceTree = "<group>"; };
		CFBD7B0F1F2AE65900D7BBA8 /* Base */ = {isa = PBXFileReference; lastKnownFileType = file.storyboard; name = Base; path = Base.lproj/Main.storyboard; sourceTree = "<group>"; };
		CFBD7B111F2AE65900D7BBA8 /* Assets.xcassets */ = {isa = PBXFileReference; lastKnownFileType = folder.assetcatalog; path = Assets.xcassets; sourceTree = "<group>"; };
		CFBD7B141F2AE65900D7BBA8 /* Base */ = {isa = PBXFileReference; lastKnownFileType = file.storyboard; name = Base; path = Base.lproj/LaunchScreen.storyboard; sourceTree = "<group>"; };
		CFBD7B161F2AE65900D7BBA8 /* Info.plist */ = {isa = PBXFileReference; lastKnownFileType = text.plist.xml; path = Info.plist; sourceTree = "<group>"; };
		CFBD7B1B1F2AE65900D7BBA8 /* DWCollectionViewDemoTests.xctest */ = {isa = PBXFileReference; explicitFileType = wrapper.cfbundle; includeInIndex = 0; path = DWCollectionViewDemoTests.xctest; sourceTree = BUILT_PRODUCTS_DIR; };
		CFBD7B1F1F2AE65900D7BBA8 /* DWCollectionViewDemoTests.m */ = {isa = PBXFileReference; lastKnownFileType = sourcecode.c.objc; path = DWCollectionViewDemoTests.m; sourceTree = "<group>"; };
		CFBD7B211F2AE65900D7BBA8 /* Info.plist */ = {isa = PBXFileReference; lastKnownFileType = text.plist.xml; path = Info.plist; sourceTree = "<group>"; };
/* End PBXFileReference section */

/* Begin PBXFrameworksBuildPhase section */
		CFBD7AFF1F2AE65900D7BBA8 /* Frameworks */ = {
			isa = PBXFrameworksBuildPhase;
			buildActionMask = 2147483647;
			files = (
			);
			runOnlyForDeploymentPostprocessing = 0;
		};
		CFBD7B181F2AE65900D7BBA8 /* Frameworks */ = {
			isa = PBXFrameworksBuildPhase;
			buildActionMask = 2147483647;
			files = (
			);
			runOnlyForDeploymentPostprocessing = 0;
		};
/* End PBXFrameworksBuildPhase section */

/* Begin PBXGroup section */
		CFBD7AF91F2AE65900D7BBA8 = {
			isa = PBXGroup;
			children = (
				CFBD7B041F2AE65900D7BBA8 /* DWCollectionViewDemo */,
				CFBD7B1E1F2AE65900D7BBA8 /* DWCollectionViewDemoTests */,
				CFBD7B031F2AE65900D7BBA8 /* Products */,
			);
			sourceTree = "<group>";
		};
		CFBD7B031F2AE65900D7BBA8 /* Products */ = {
			isa = PBXGroup;
			children = (
				CFBD7B021F2AE65900D7BBA8 /* DWCollectionViewDemo.app */,
				CFBD7B1B1F2AE65900D7BBA8 /* DWCollectionViewDemoTests.xctest */,
			);
			name = Products;
			sourceTree = "<group>";
		};
		CFBD7B041F2AE65900D7BBA8 /* DWCollectionViewDemo */ = {
			isa = PBXGroup;
			children = (
				CFBD7B081F2AE65900D7BBA8 /* AppDelegate.h */,
				CFBD7B091F2AE65900D7BBA8 /* AppDelegate.m */,
				CFBD7B0B1F2AE65900D7BBA8 /* ViewController.h */,
				CFBD7B0C1F2AE65900D7BBA8 /* ViewController.m */,
				CFBD7B0E1F2AE65900D7BBA8 /* Main.storyboard */,
				CFBD7B111F2AE65900D7BBA8 /* Assets.xcassets */,
				CFBD7B131F2AE65900D7BBA8 /* LaunchScreen.storyboard */,
				CFBD7B161F2AE65900D7BBA8 /* Info.plist */,
				CFBD7B051F2AE65900D7BBA8 /* Supporting Files */,
			);
			path = DWCollectionViewDemo;
			sourceTree = "<group>";
		};
		CFBD7B051F2AE65900D7BBA8 /* Supporting Files */ = {
			isa = PBXGroup;
			children = (
				CFBD7B061F2AE65900D7BBA8 /* main.m */,
			);
			name = "Supporting Files";
			sourceTree = "<group>";
		};
		CFBD7B1E1F2AE65900D7BBA8 /* DWCollectionViewDemoTests */ = {
			isa = PBXGroup;
			children = (
				CFBD7B1F1F2AE65900D7BBA8 /* DWCollectionViewDemoTests.m */,
				CFBD7B211F2AE65900D7BBA8 /* Info.plist */,
			);
			path = DWCollectionViewDemoTests;
			sourceTree = "<group>";
		};
/* End PBXGroup section */

/* Begin PBXNativeTarget section */
		CFBD7B011F2AE65900D7BBA8 /* DWCollectionViewDemo */ = {
			isa = PBXNativeTarget;
			buildConfigurationList = CFBD7B241F2AE65900D7BBA8 /* Build configuration list for PBXNativeTarget "DWCollectionViewDemo" */;
			buildPhases = (
				CFBD7AFE1F2AE65900D7BBA8 /* Sources */,
				CFBD7AFF1F2AE65900D7BBA8 /* Frameworks */,
				CFBD7B001F2AE65900D7BBA8 /* Resources */,
			);
			buildRules = (
			);
			dependencies = (
			);
			name = DWCollectionViewDemo;
			productName = DWCollectionViewDemo;
			productReference = CFBD7B021F2AE65900D7BBA8 /* DWCollectionViewDemo.app */;
			productType = "com.apple.product-type.application";
		};
		CFBD7B1A1F2AE65900D7BBA8 /* DWCollectionViewDemoTests */ = {
			isa = PBXNativeTarget;
			buildConfigurationList = CFBD7B271F2AE65900D7BBA8 /* Build configuration list for PBXNativeTarget "DWCollectionViewDemoTests" */;
			buildPhases = (
				CFBD7B171F2AE65900D7BBA8 /* Sources */,
				CFBD7B181F2AE65900D7BBA8 /* Frameworks */,
				CFBD7B191F2AE65900D7BBA8 /* Resources */,
			);
			buildRules = (
			);
			dependencies = (
				CFBD7B1D1F2AE65900D7BBA8 /* PBXTargetDependency */,
			);
			name = DWCollectionViewDemoTests;
			productName = DWCollectionViewDemoTests;
			productReference = CFBD7B1B1F2AE65900D7BBA8 /* DWCollectionViewDemoTests.xctest */;
			productType = "com.apple.product-type.bundle.unit-test";
		};
/* End PBXNativeTarget section */

/* Begin PBXProject section */
		CFBD7AFA1F2AE65900D7BBA8 /* Project object */ = {
			isa = PBXProject;
			attributes = {
				LastUpgradeCheck = 0830;
				ORGANIZATIONNAME = "Dawn Wang";
				TargetAttributes = {
					CFBD7B011F2AE65900D7BBA8 = {
						CreatedOnToolsVersion = 8.3.2;
						ProvisioningStyle = Automatic;
					};
					CFBD7B1A1F2AE65900D7BBA8 = {
						CreatedOnToolsVersion = 8.3.2;
						ProvisioningStyle = Automatic;
						TestTargetID = CFBD7B011F2AE65900D7BBA8;
					};
				};
			};
			buildConfigurationList = CFBD7AFD1F2AE65900D7BBA8 /* Build configuration list for PBXProject "DWCollectionViewDemo" */;
			compatibilityVersion = "Xcode 3.2";
			developmentRegion = English;
			hasScannedForEncodings = 0;
			knownRegions = (
				en,
				Base,
			);
			mainGroup = CFBD7AF91F2AE65900D7BBA8;
			productRefGroup = CFBD7B031F2AE65900D7BBA8 /* Products */;
			projectDirPath = "";
			projectRoot = "";
			targets = (
				CFBD7B011F2AE65900D7BBA8 /* DWCollectionViewDemo */,
				CFBD7B1A1F2AE65900D7BBA8 /* DWCollectionViewDemoTests */,
			);
		};
/* End PBXProject section */

/* Begin PBXResourcesBuildPhase section */
		CFBD7B001F2AE65900D7BBA8 /* Resources */ = {
			isa = PBXResourcesBuildPhase;
			buildActionMask = 2147483647;
			files = (
				CFBD7B151F2AE65900D7BBA8 /* LaunchScreen.storyboard in Resources */,
				CFBD7B121F2AE65900D7BBA8 /* Assets.xcassets in Resources */,
				CFBD7B101F2AE65900D7BBA8 /* Main.storyboard in Resources */,
			);
			runOnlyForDeploymentPostprocessing = 0;
		};
		CFBD7B191F2AE65900D7BBA8 /* Resources */ = {
			isa = PBXResourcesBuildPhase;
			buildActionMask = 2147483647;
			files = (
			);
			runOnlyForDeploymentPostprocessing = 0;
		};
/* End PBXResourcesBuildPhase section */

/* Begin PBXSourcesBuildPhase section */
		CFBD7AFE1F2AE65900D7BBA8 /* Sources */ = {
			isa = PBXSourcesBuildPhase;
			buildActionMask = 2147483647;
			files = (
				CFBD7B0D1F2AE65900D7BBA8 /* ViewController.m in Sources */,
				CFBD7B0A1F2AE65900D7BBA8 /* AppDelegate.m in Sources */,
				CFBD7B071F2AE65900D7BBA8 /* main.m in Sources */,
			);
			runOnlyForDeploymentPostprocessing = 0;
		};
		CFBD7B171F2AE65900D7BBA8 /* Sources */ = {
			isa = PBXSourcesBuildPhase;
			buildActionMask = 2147483647;
			files = (
				CFBD7B201F2AE65900D7BBA8 /* DWCollectionViewDemoTests.m in Sources */,
			);
			runOnlyForDeploymentPostprocessing = 0;
		};
/* End PBXSourcesBuildPhase section */

/* Begin PBXTargetDependency section */
		CFBD7B1D1F2AE65900D7BBA8 /* PBXTargetDependency */ = {
			isa = PBXTargetDependency;
			target = CFBD7B011F2AE65900D7BBA8 /* DWCollectionViewDemo */;
			targetProxy = CFBD7B1C1F2AE65900D7BBA8 /* PBXContainerItemProxy */;
		};
/* End PBXTargetDependency section */

/* Begin PBXVariantGroup section */
		CFBD7B0E1F2AE65900D7BBA8 /* Main.storyboard */ = {
			isa = PBXVariantGroup;
			children = (
				CFBD7B0F1F2AE65900D7BBA8 /* Base */,
			);
			name = Main.storyboard;
			sourceTree = "<group>";
		};
		CFBD7B131F2AE65900D7BBA8 /* LaunchScreen.storyboard */ = {
			isa = PBXVariantGroup;
			children = (
				CFBD7B141F2AE65900D7BBA8 /* Base */,
			);
			name = LaunchScreen.storyboard;
			sourceTree = "<group>";
		};
/* End PBXVariantGroup section */

/* Begin XCBuildConfiguration section */
		CFBD7B221F2AE65900D7BBA8 /* Debug */ = {
			isa = XCBuildConfiguration;
			buildSettings = {
				ALWAYS_SEARCH_USER_PATHS = NO;
				CLANG_ANALYZER_NONNULL = YES;
				CLANG_ANALYZER_NUMBER_OBJECT_CONVERSION = YES_AGGRESSIVE;
				CLANG_CXX_LANGUAGE_STANDARD = "gnu++0x";
				CLANG_CXX_LIBRARY = "libc++";
				CLANG_ENABLE_MODULES = YES;
				CLANG_ENABLE_OBJC_ARC = YES;
				CLANG_WARN_BOOL_CONVERSION = YES;
				CLANG_WARN_CONSTANT_CONVERSION = YES;
				CLANG_WARN_DIRECT_OBJC_ISA_USAGE = YES_ERROR;
				CLANG_WARN_DOCUMENTATION_COMMENTS = YES;
				CLANG_WARN_EMPTY_BODY = YES;
				CLANG_WARN_ENUM_CONVERSION = YES;
				CLANG_WARN_INFINITE_RECURSION = YES;
				CLANG_WARN_INT_CONVERSION = YES;
				CLANG_WARN_OBJC_ROOT_CLASS = YES_ERROR;
				CLANG_WARN_SUSPICIOUS_MOVE = YES;
				CLANG_WARN_UNREACHABLE_CODE = YES;
				CLANG_WARN__DUPLICATE_METHOD_MATCH = YES;
				"CODE_SIGN_IDENTITY[sdk=iphoneos*]" = "iPhone Developer";
				COPY_PHASE_STRIP = NO;
				DEBUG_INFORMATION_FORMAT = dwarf;
				ENABLE_STRICT_OBJC_MSGSEND = YES;
				ENABLE_TESTABILITY = YES;
				GCC_C_LANGUAGE_STANDARD = gnu99;
				GCC_DYNAMIC_NO_PIC = NO;
				GCC_NO_COMMON_BLOCKS = YES;
				GCC_OPTIMIZATION_LEVEL = 0;
				GCC_PREPROCESSOR_DEFINITIONS = (
					"DEBUG=1",
					"$(inherited)",
				);
				GCC_WARN_64_TO_32_BIT_CONVERSION = YES;
				GCC_WARN_ABOUT_RETURN_TYPE = YES_ERROR;
				GCC_WARN_UNDECLARED_SELECTOR = YES;
				GCC_WARN_UNINITIALIZED_AUTOS = YES_AGGRESSIVE;
				GCC_WARN_UNUSED_FUNCTION = YES;
				GCC_WARN_UNUSED_VARIABLE = YES;
				IPHONEOS_DEPLOYMENT_TARGET = 10.3;
				MTL_ENABLE_DEBUG_INFO = YES;
				ONLY_ACTIVE_ARCH = YES;
				SDKROOT = iphoneos;
			};
			name = Debug;
		};
		CFBD7B231F2AE65900D7BBA8 /* Release */ = {
			isa = XCBuildConfiguration;
			buildSettings = {
				ALWAYS_SEARCH_USER_PATHS = NO;
				CLANG_ANALYZER_NONNULL = YES;
				CLANG_ANALYZER_NUMBER_OBJECT_CONVERSION = YES_AGGRESSIVE;
				CLANG_CXX_LANGUAGE_STANDARD = "gnu++0x";
				CLANG_CXX_LIBRARY = "libc++";
				CLANG_ENABLE_MODULES = YES;
				CLANG_ENABLE_OBJC_ARC = YES;
				CLANG_WARN_BOOL_CONVERSION = YES;
				CLANG_WARN_CONSTANT_CONVERSION = YES;
				CLANG_WARN_DIRECT_OBJC_ISA_USAGE = YES_ERROR;
				CLANG_WARN_DOCUMENTATION_COMMENTS = YES;
				CLANG_WARN_EMPTY_BODY = YES;
				CLANG_WARN_ENUM_CONVERSION = YES;
				CLANG_WARN_INFINITE_RECURSION = YES;
				CLANG_WARN_INT_CONVERSION = YES;
				CLANG_WARN_OBJC_ROOT_CLASS = YES_ERROR;
				CLANG_WARN_SUSPICIOUS_MOVE = YES;
				CLANG_WARN_UNREACHABLE_CODE = YES;
				CLANG_WARN__DUPLICATE_METHOD_MATCH = YES;
				"CODE_SIGN_IDENTITY[sdk=iphoneos*]" = "iPhone Developer";
				COPY_PHASE_STRIP = NO;
				DEBUG_INFORMATION_FORMAT = "dwarf-with-dsym";
				ENABLE_NS_ASSERTIONS = NO;
				ENABLE_STRICT_OBJC_MSGSEND = YES;
				GCC_C_LANGUAGE_STANDARD = gnu99;
				GCC_NO_COMMON_BLOCKS = YES;
				GCC_WARN_64_TO_32_BIT_CONVERSION = YES;
				GCC_WARN_ABOUT_RETURN_TYPE = YES_ERROR;
				GCC_WARN_UNDECLARED_SELECTOR = YES;
				GCC_WARN_UNINITIALIZED_AUTOS = YES_AGGRESSIVE;
				GCC_WARN_UNUSED_FUNCTION = YES;
				GCC_WARN_UNUSED_VARIABLE = YES;
				IPHONEOS_DEPLOYMENT_TARGET = 10.3;
				MTL_ENABLE_DEBUG_INFO = NO;
				SDKROOT = iphoneos;
				VALIDATE_PRODUCT = YES;
			};
			name = Release;
		};
		CFBD7B251F2AE65900D7BBA8 /* Debug */ = {
			isa = XCBuildConfiguration;
			buildSettings = {
				ASSETCATALOG_COMPILER_APPICON_NAME = AppIcon;
				INFOPLIST_FILE = DWCollectionViewDemo/Info.plist;
				LD_RUNPATH_SEARCH_PATHS = "$(inherited) @executable_path/Frameworks";
				PRODUCT_BUNDLE_IDENTIFIER = dawn.DWCollectionViewDemo;
				PRODUCT_NAME = "$(TARGET_NAME)";
			};
			name = Debug;
		};
		CFBD7B261F2AE65900D7BBA8 /* Release */ = {
			isa = XCBuildConfiguration;
			buildSettings = {
				ASSETCATALOG_COMPILER_APPICON_NAME = AppIcon;
				INFOPLIST_FILE = DWCollectionViewDemo/Info.plist;
				LD_RUNPATH_SEARCH_PATHS = "$(inherited) @executable_path/Frameworks";
				PRODUCT_BUNDLE_IDENTIFIER = dawn.DWCollectionViewDemo;
				PRODUCT_NAME = "$(TARGET_NAME)";
			};
			name = Release;
		};
		CFBD7B281F2AE65900D7BBA8 /* Debug */ = {
			isa = XCBuildConfiguration;
			buildSettings = {
				BUNDLE_LOADER = "$(TEST_HOST)";
				INFOPLIST_FILE = DWCollectionViewDemoTests/Info.plist;
				LD_RUNPATH_SEARCH_PATHS = "$(inherited) @executable_path/Frameworks @loader_path/Frameworks";
				PRODUCT_BUNDLE_IDENTIFIER = dawn.DWCollectionViewDemoTests;
				PRODUCT_NAME = "$(TARGET_NAME)";
				TEST_HOST = "$(BUILT_PRODUCTS_DIR)/DWCollectionViewDemo.app/DWCollectionViewDemo";
			};
			name = Debug;
		};
		CFBD7B291F2AE65900D7BBA8 /* Release */ = {
			isa = XCBuildConfiguration;
			buildSettings = {
				BUNDLE_LOADER = "$(TEST_HOST)";
				INFOPLIST_FILE = DWCollectionViewDemoTests/Info.plist;
				LD_RUNPATH_SEARCH_PATHS = "$(inherited) @executable_path/Frameworks @loader_path/Frameworks";
				PRODUCT_BUNDLE_IDENTIFIER = dawn.DWCollectionViewDemoTests;
				PRODUCT_NAME = "$(TARGET_NAME)";
				TEST_HOST = "$(BUILT_PRODUCTS_DIR)/DWCollectionViewDemo.app/DWCollectionViewDemo";
			};
			name = Release;
		};
/* End XCBuildConfiguration section */

/* Begin XCConfigurationList section */
		CFBD7AFD1F2AE65900D7BBA8 /* Build configuration list for PBXProject "DWCollectionViewDemo" */ = {
			isa = XCConfigurationList;
			buildConfigurations = (
				CFBD7B221F2AE65900D7BBA8 /* Debug */,
				CFBD7B231F2AE65900D7BBA8 /* Release */,
			);
			defaultConfigurationIsVisible = 0;
			defaultConfigurationName = Release;
		};
		CFBD7B241F2AE65900D7BBA8 /* Build configuration list for PBXNativeTarget "DWCollectionViewDemo" */ = {
			isa = XCConfigurationList;
			buildConfigurations = (
				CFBD7B251F2AE65900D7BBA8 /* Debug */,
				CFBD7B261F2AE65900D7BBA8 /* Release */,
			);
			defaultConfigurationIsVisible = 0;
		};
		CFBD7B271F2AE65900D7BBA8 /* Build configuration list for PBXNativeTarget "DWCollectionViewDemoTests" */ = {
			isa = XCConfigurationList;
			buildConfigurations = (
				CFBD7B281F2AE65900D7BBA8 /* Debug */,
				CFBD7B291F2AE65900D7BBA8 /* Release */,
			);
			defaultConfigurationIsVisible = 0;
		};
/* End XCConfigurationList section */
	};
	rootObject = CFBD7AFA1F2AE65900D7BBA8 /* Project object */;
}
