// !$*UTF8*$!
{
	archiveVersion = 1;
	classes = {
	};
	objectVersion = 46;
	objects = {

/* Begin PBXBuildFile section */
		CF0370C21F6CD8D800F5BB28 /* DWCollectionDelegate.m in Sources */ = {isa = PBXBuildFile; fileRef = CFBD7B351F2AE68200D7BBA8 /* DWCollectionDelegate.m */; };
		CF0370CE1F6D130C00F5BB28 /* DWFlowAutoMoveLayout.m in Sources */ = {isa = PBXBuildFile; fileRef = CF0370CD1F6D130C00F5BB28 /* DWFlowAutoMoveLayout.m */; };
		CF1918F21F664A36002DD31B /* DWCollectionViewDelegate.m in Sources */ = {isa = PBXBuildFile; fileRef = CF1918E81F663F71002DD31B /* DWCollectionViewDelegate.m */; };
		CF1918F31F664A36002DD31B /* DWCollectionDataSource.m in Sources */ = {isa = PBXBuildFile; fileRef = CF1918EB1F664005002DD31B /* DWCollectionDataSource.m */; };
		CF1918F51F664AA9002DD31B /* issue.rtf in Resources */ = {isa = PBXBuildFile; fileRef = CF1918F41F664AA9002DD31B /* issue.rtf */; };
		CF1918FE1F665C96002DD31B /* MJRefresh.framework in Frameworks */ = {isa = PBXBuildFile; fileRef = CF1918FC1F665C96002DD31B /* MJRefresh.framework */; };
		CF1918FF1F665C96002DD31B /* MJRefresh.framework in Embed Frameworks */ = {isa = PBXBuildFile; fileRef = CF1918FC1F665C96002DD31B /* MJRefresh.framework */; settings = {ATTRIBUTES = (CodeSignOnCopy, RemoveHeadersOnCopy, ); }; };
		CF1919001F665C96002DD31B /* SDWebImage.framework in Frameworks */ = {isa = PBXBuildFile; fileRef = CF1918FD1F665C96002DD31B /* SDWebImage.framework */; };
		CF1919011F665C96002DD31B /* SDWebImage.framework in Embed Frameworks */ = {isa = PBXBuildFile; fileRef = CF1918FD1F665C96002DD31B /* SDWebImage.framework */; settings = {ATTRIBUTES = (CodeSignOnCopy, RemoveHeadersOnCopy, ); }; };
		CF19192F1F67B707002DD31B /* DWRefreshManager.m in Sources */ = {isa = PBXBuildFile; fileRef = CF19192E1F67B707002DD31B /* DWRefreshManager.m */; };
		CF1919351F67B728002DD31B /* DWMJRefreshFooter.m in Sources */ = {isa = PBXBuildFile; fileRef = CF1919321F67B728002DD31B /* DWMJRefreshFooter.m */; };
		CF1919361F67B728002DD31B /* DWMJRefreshHeader.m in Sources */ = {isa = PBXBuildFile; fileRef = CF1919341F67B728002DD31B /* DWMJRefreshHeader.m */; };
		CF1919371F67B75C002DD31B /* DWRefreshManagerProtocol.h in Headers */ = {isa = PBXBuildFile; fileRef = CF1919281F67B68E002DD31B /* DWRefreshManagerProtocol.h */; settings = {ATTRIBUTES = (Public, ); }; };
		CF19193E1F67BA68002DD31B /* DWCollectionViewCell.m in Sources */ = {isa = PBXBuildFile; fileRef = CF1919391F67BA68002DD31B /* DWCollectionViewCell.m */; };
		CF19193F1F67BA68002DD31B /* DWFooterCollectionReusableView.m in Sources */ = {isa = PBXBuildFile; fileRef = CF19193B1F67BA68002DD31B /* DWFooterCollectionReusableView.m */; };
		CF1919401F67BA68002DD31B /* DWHeaderCollectionReusableView.m in Sources */ = {isa = PBXBuildFile; fileRef = CF19193D1F67BA68002DD31B /* DWHeaderCollectionReusableView.m */; };
		CF4BBC821FC7C4270007EF74 /* CollectionViewBaseViewController.m in Sources */ = {isa = PBXBuildFile; fileRef = CF4BBC811FC7C4270007EF74 /* CollectionViewBaseViewController.m */; };
		CF4BBC871FC7C6C60007EF74 /* TeamInfo.m in Sources */ = {isa = PBXBuildFile; fileRef = CF4BBC851FC7C6C60007EF74 /* TeamInfo.m */; };
		CF4BBC881FC7C6C60007EF74 /* LeagueInfo.m in Sources */ = {isa = PBXBuildFile; fileRef = CF4BBC861FC7C6C60007EF74 /* LeagueInfo.m */; };
		CF4BBC8B1FC7C6CD0007EF74 /* TeamInfoCell.m in Sources */ = {isa = PBXBuildFile; fileRef = CF4BBC8A1FC7C6CD0007EF74 /* TeamInfoCell.m */; };
		CF4BBC961FC7C7170007EF74 /* NSObject+Class.m in Sources */ = {isa = PBXBuildFile; fileRef = CF4BBC8E1FC7C7170007EF74 /* NSObject+Class.m */; };
		CF4BBC971FC7C7170007EF74 /* NSObject+Coding.m in Sources */ = {isa = PBXBuildFile; fileRef = CF4BBC901FC7C7170007EF74 /* NSObject+Coding.m */; };
		CF4BBC981FC7C7170007EF74 /* NSObject+MulArgPerformSel.m in Sources */ = {isa = PBXBuildFile; fileRef = CF4BBC921FC7C7170007EF74 /* NSObject+MulArgPerformSel.m */; };
		CF4BBC991FC7C7170007EF74 /* UIImage+DWViewShot.m in Sources */ = {isa = PBXBuildFile; fileRef = CF4BBC951FC7C7170007EF74 /* UIImage+DWViewShot.m */; };
		CF4BBC9C1FC7D5730007EF74 /* LeagueHeaderReusableView.m in Sources */ = {isa = PBXBuildFile; fileRef = CF4BBC9B1FC7D5730007EF74 /* LeagueHeaderReusableView.m */; };
		CF71D4541F8CA2A700E8FD99 /* MainViewController.m in Sources */ = {isa = PBXBuildFile; fileRef = CF71D4531F8CA2A700E8FD99 /* MainViewController.m */; };
		CF71D4581F8CA30C00E8FD99 /* NormalViewController.m in Sources */ = {isa = PBXBuildFile; fileRef = CF71D4571F8CA30C00E8FD99 /* NormalViewController.m */; };
		CF71D45C1F8CA4C100E8FD99 /* DataManager.m in Sources */ = {isa = PBXBuildFile; fileRef = CF71D45B1F8CA4C100E8FD99 /* DataManager.m */; };
		CF85BC6C1FA438F7000A9D5A /* DWCollectionViewFlowLayout.m in Sources */ = {isa = PBXBuildFile; fileRef = CF85BC6B1FA438F7000A9D5A /* DWCollectionViewFlowLayout.m */; };
		CF85BC6D1FA4396E000A9D5A /* DWCollectionViewFlowLayout.m in Sources */ = {isa = PBXBuildFile; fileRef = CF85BC6B1FA438F7000A9D5A /* DWCollectionViewFlowLayout.m */; };
		CF9555691F6A28CE007A4B32 /* DWFlowLayout.m in Sources */ = {isa = PBXBuildFile; fileRef = CF9555681F6A28CE007A4B32 /* DWFlowLayout.m */; };
		CFBD7B071F2AE65900D7BBA8 /* main.m in Sources */ = {isa = PBXBuildFile; fileRef = CFBD7B061F2AE65900D7BBA8 /* main.m */; };
		CFBD7B0A1F2AE65900D7BBA8 /* AppDelegate.m in Sources */ = {isa = PBXBuildFile; fileRef = CFBD7B091F2AE65900D7BBA8 /* AppDelegate.m */; };
		CFBD7B0D1F2AE65900D7BBA8 /* ViewController.m in Sources */ = {isa = PBXBuildFile; fileRef = CFBD7B0C1F2AE65900D7BBA8 /* ViewController.m */; };
		CFBD7B101F2AE65900D7BBA8 /* Main.storyboard in Resources */ = {isa = PBXBuildFile; fileRef = CFBD7B0E1F2AE65900D7BBA8 /* Main.storyboard */; };
		CFBD7B121F2AE65900D7BBA8 /* Assets.xcassets in Resources */ = {isa = PBXBuildFile; fileRef = CFBD7B111F2AE65900D7BBA8 /* Assets.xcassets */; };
		CFBD7B151F2AE65900D7BBA8 /* LaunchScreen.storyboard in Resources */ = {isa = PBXBuildFile; fileRef = CFBD7B131F2AE65900D7BBA8 /* LaunchScreen.storyboard */; };
		CFBD7B201F2AE65900D7BBA8 /* DWCollectionViewDemoTests.m in Sources */ = {isa = PBXBuildFile; fileRef = CFBD7B1F1F2AE65900D7BBA8 /* DWCollectionViewDemoTests.m */; };
		CFBD7B721F2AE75E00D7BBA8 /* DWCollection.framework in Frameworks */ = {isa = PBXBuildFile; fileRef = CFBD7B691F2AE75E00D7BBA8 /* DWCollection.framework */; };
		CFBD7B791F2AE75E00D7BBA8 /* DWCollectionTests.m in Sources */ = {isa = PBXBuildFile; fileRef = CFBD7B781F2AE75E00D7BBA8 /* DWCollectionTests.m */; };
		CFBD7B7B1F2AE75E00D7BBA8 /* DWCollection.h in Headers */ = {isa = PBXBuildFile; fileRef = CFBD7B6B1F2AE75E00D7BBA8 /* DWCollection.h */; settings = {ATTRIBUTES = (Public, ); }; };
		CFBD7B881F2AE78A00D7BBA8 /* DWCollectionViewCellProtocol.h in Headers */ = {isa = PBXBuildFile; fileRef = CFBD7B2E1F2AE68200D7BBA8 /* DWCollectionViewCellProtocol.h */; settings = {ATTRIBUTES = (Public, ); }; };
		CFBD7B8C1F2AE78A00D7BBA8 /* DWCollectionCellMaker.h in Headers */ = {isa = PBXBuildFile; fileRef = CFBD7B371F2AE68200D7BBA8 /* DWCollectionCellMaker.h */; settings = {ATTRIBUTES = (Public, ); }; };
		CFBD7B8D1F2AE78A00D7BBA8 /* DWCollectionDelegateMaker.h in Headers */ = {isa = PBXBuildFile; fileRef = CFBD7B391F2AE68200D7BBA8 /* DWCollectionDelegateMaker.h */; settings = {ATTRIBUTES = (Public, ); }; };
		CFBD7B8E1F2AE78A00D7BBA8 /* DWCollectionHeaderFooterMaker.h in Headers */ = {isa = PBXBuildFile; fileRef = CFBD7B3B1F2AE68200D7BBA8 /* DWCollectionHeaderFooterMaker.h */; settings = {ATTRIBUTES = (Public, ); }; };
		CFBD7B8F1F2AE78A00D7BBA8 /* DWCollectionView.h in Headers */ = {isa = PBXBuildFile; fileRef = CFBD7B3D1F2AE68200D7BBA8 /* DWCollectionView.h */; settings = {ATTRIBUTES = (Public, ); }; };
		CFBD7B921F2AE78A00D7BBA8 /* DWSection.h in Headers */ = {isa = PBXBuildFile; fileRef = CFBD7B451F2AE68200D7BBA8 /* DWSection.h */; settings = {ATTRIBUTES = (Public, ); }; };
		CFBD7BA81F2AE9E800D7BBA8 /* DWCollectionCellMaker.m in Sources */ = {isa = PBXBuildFile; fileRef = CFBD7B381F2AE68200D7BBA8 /* DWCollectionCellMaker.m */; };
		CFBD7BA91F2AE9E800D7BBA8 /* DWCollectionDelegateMaker.m in Sources */ = {isa = PBXBuildFile; fileRef = CFBD7B3A1F2AE68200D7BBA8 /* DWCollectionDelegateMaker.m */; };
		CFBD7BAA1F2AE9E800D7BBA8 /* DWCollectionHeaderFooterMaker.m in Sources */ = {isa = PBXBuildFile; fileRef = CFBD7B3C1F2AE68200D7BBA8 /* DWCollectionHeaderFooterMaker.m */; };
		CFBD7BAB1F2AE9E800D7BBA8 /* DWCollectionView.m in Sources */ = {isa = PBXBuildFile; fileRef = CFBD7B3E1F2AE68200D7BBA8 /* DWCollectionView.m */; };
		CFBD7BAC1F2AE9E800D7BBA8 /* DWMapperModel.m in Sources */ = {isa = PBXBuildFile; fileRef = CFBD7B411F2AE68200D7BBA8 /* DWMapperModel.m */; };
		CFBD7BAD1F2AE9E800D7BBA8 /* DWProtocolMethodImplementation.m in Sources */ = {isa = PBXBuildFile; fileRef = CFBD7B441F2AE68200D7BBA8 /* DWProtocolMethodImplementation.m */; };
		CFBD7BAE1F2AE9E800D7BBA8 /* DWSection.m in Sources */ = {isa = PBXBuildFile; fileRef = CFBD7B461F2AE68200D7BBA8 /* DWSection.m */; };
/* End PBXBuildFile section */

/* Begin PBXContainerItemProxy section */
		CF1918EF1F6648D1002DD31B /* PBXContainerItemProxy */ = {
			isa = PBXContainerItemProxy;
			containerPortal = CFBD7AFA1F2AE65900D7BBA8 /* Project object */;
			proxyType = 1;
			remoteGlobalIDString = CFBD7B681F2AE75E00D7BBA8;
			remoteInfo = DWCollection;
		};
		CFBD7B1C1F2AE65900D7BBA8 /* PBXContainerItemProxy */ = {
			isa = PBXContainerItemProxy;
			containerPortal = CFBD7AFA1F2AE65900D7BBA8 /* Project object */;
			proxyType = 1;
			remoteGlobalIDString = CFBD7B011F2AE65900D7BBA8;
			remoteInfo = DWCollectionViewDemo;
		};
		CFBD7B731F2AE75E00D7BBA8 /* PBXContainerItemProxy */ = {
			isa = PBXContainerItemProxy;
			containerPortal = CFBD7AFA1F2AE65900D7BBA8 /* Project object */;
			proxyType = 1;
			remoteGlobalIDString = CFBD7B681F2AE75E00D7BBA8;
			remoteInfo = DWCollection;
		};
		CFBD7B751F2AE75E00D7BBA8 /* PBXContainerItemProxy */ = {
			isa = PBXContainerItemProxy;
			containerPortal = CFBD7AFA1F2AE65900D7BBA8 /* Project object */;
			proxyType = 1;
			remoteGlobalIDString = CFBD7B011F2AE65900D7BBA8;
			remoteInfo = DWCollectionViewDemo;
		};
/* End PBXContainerItemProxy section */

/* Begin PBXCopyFilesBuildPhase section */
		CF1918F11F6648D1002DD31B /* Embed Frameworks */ = {
			isa = PBXCopyFilesBuildPhase;
			buildActionMask = 2147483647;
			dstPath = "";
			dstSubfolderSpec = 10;
			files = (
				CF1919011F665C96002DD31B /* SDWebImage.framework in Embed Frameworks */,
				CF1918FF1F665C96002DD31B /* MJRefresh.framework in Embed Frameworks */,
			);
			name = "Embed Frameworks";
			runOnlyForDeploymentPostprocessing = 0;
		};
/* End PBXCopyFilesBuildPhase section */

/* Begin PBXFileReference section */
		CF0370CC1F6D130C00F5BB28 /* DWFlowAutoMoveLayout.h */ = {isa = PBXFileReference; fileEncoding = 4; lastKnownFileType = sourcecode.c.h; path = DWFlowAutoMoveLayout.h; sourceTree = "<group>"; };
		CF0370CD1F6D130C00F5BB28 /* DWFlowAutoMoveLayout.m */ = {isa = PBXFileReference; fileEncoding = 4; lastKnownFileType = sourcecode.c.objc; path = DWFlowAutoMoveLayout.m; sourceTree = "<group>"; };
		CF1918E71F663F71002DD31B /* DWCollectionViewDelegate.h */ = {isa = PBXFileReference; fileEncoding = 4; lastKnownFileType = sourcecode.c.h; path = DWCollectionViewDelegate.h; sourceTree = "<group>"; };
		CF1918E81F663F71002DD31B /* DWCollectionViewDelegate.m */ = {isa = PBXFileReference; fileEncoding = 4; lastKnownFileType = sourcecode.c.objc; path = DWCollectionViewDelegate.m; sourceTree = "<group>"; };
		CF1918EA1F664005002DD31B /* DWCollectionDataSource.h */ = {isa = PBXFileReference; fileEncoding = 4; lastKnownFileType = sourcecode.c.h; path = DWCollectionDataSource.h; sourceTree = "<group>"; };
		CF1918EB1F664005002DD31B /* DWCollectionDataSource.m */ = {isa = PBXFileReference; fileEncoding = 4; lastKnownFileType = sourcecode.c.objc; path = DWCollectionDataSource.m; sourceTree = "<group>"; };
		CF1918F41F664AA9002DD31B /* issue.rtf */ = {isa = PBXFileReference; fileEncoding = 4; lastKnownFileType = text.rtf; path = issue.rtf; sourceTree = "<group>"; };
		CF1918FC1F665C96002DD31B /* MJRefresh.framework */ = {isa = PBXFileReference; lastKnownFileType = wrapper.framework; name = MJRefresh.framework; path = Carthage/Build/iOS/MJRefresh.framework; sourceTree = "<group>"; };
		CF1918FD1F665C96002DD31B /* SDWebImage.framework */ = {isa = PBXFileReference; lastKnownFileType = wrapper.framework; name = SDWebImage.framework; path = Carthage/Build/iOS/SDWebImage.framework; sourceTree = "<group>"; };
		CF1919051F665E81002DD31B /* DWCollectionGlobal.pch */ = {isa = PBXFileReference; lastKnownFileType = sourcecode.c.h; path = DWCollectionGlobal.pch; sourceTree = "<group>"; };
		CF1919281F67B68E002DD31B /* DWRefreshManagerProtocol.h */ = {isa = PBXFileReference; lastKnownFileType = sourcecode.c.h; path = DWRefreshManagerProtocol.h; sourceTree = "<group>"; };
		CF19192D1F67B707002DD31B /* DWRefreshManager.h */ = {isa = PBXFileReference; fileEncoding = 4; lastKnownFileType = sourcecode.c.h; path = DWRefreshManager.h; sourceTree = "<group>"; };
		CF19192E1F67B707002DD31B /* DWRefreshManager.m */ = {isa = PBXFileReference; fileEncoding = 4; lastKnownFileType = sourcecode.c.objc; path = DWRefreshManager.m; sourceTree = "<group>"; };
		CF1919311F67B728002DD31B /* DWMJRefreshFooter.h */ = {isa = PBXFileReference; fileEncoding = 4; lastKnownFileType = sourcecode.c.h; path = DWMJRefreshFooter.h; sourceTree = "<group>"; };
		CF1919321F67B728002DD31B /* DWMJRefreshFooter.m */ = {isa = PBXFileReference; fileEncoding = 4; lastKnownFileType = sourcecode.c.objc; path = DWMJRefreshFooter.m; sourceTree = "<group>"; };
		CF1919331F67B728002DD31B /* DWMJRefreshHeader.h */ = {isa = PBXFileReference; fileEncoding = 4; lastKnownFileType = sourcecode.c.h; path = DWMJRefreshHeader.h; sourceTree = "<group>"; };
		CF1919341F67B728002DD31B /* DWMJRefreshHeader.m */ = {isa = PBXFileReference; fileEncoding = 4; lastKnownFileType = sourcecode.c.objc; path = DWMJRefreshHeader.m; sourceTree = "<group>"; };
		CF1919381F67BA68002DD31B /* DWCollectionViewCell.h */ = {isa = PBXFileReference; fileEncoding = 4; lastKnownFileType = sourcecode.c.h; path = DWCollectionViewCell.h; sourceTree = "<group>"; };
		CF1919391F67BA68002DD31B /* DWCollectionViewCell.m */ = {isa = PBXFileReference; fileEncoding = 4; lastKnownFileType = sourcecode.c.objc; path = DWCollectionViewCell.m; sourceTree = "<group>"; };
		CF19193A1F67BA68002DD31B /* DWFooterCollectionReusableView.h */ = {isa = PBXFileReference; fileEncoding = 4; lastKnownFileType = sourcecode.c.h; path = DWFooterCollectionReusableView.h; sourceTree = "<group>"; };
		CF19193B1F67BA68002DD31B /* DWFooterCollectionReusableView.m */ = {isa = PBXFileReference; fileEncoding = 4; lastKnownFileType = sourcecode.c.objc; path = DWFooterCollectionReusableView.m; sourceTree = "<group>"; };
		CF19193C1F67BA68002DD31B /* DWHeaderCollectionReusableView.h */ = {isa = PBXFileReference; fileEncoding = 4; lastKnownFileType = sourcecode.c.h; path = DWHeaderCollectionReusableView.h; sourceTree = "<group>"; };
		CF19193D1F67BA68002DD31B /* DWHeaderCollectionReusableView.m */ = {isa = PBXFileReference; fileEncoding = 4; lastKnownFileType = sourcecode.c.objc; path = DWHeaderCollectionReusableView.m; sourceTree = "<group>"; };
		CF4BBC801FC7C4270007EF74 /* CollectionViewBaseViewController.h */ = {isa = PBXFileReference; lastKnownFileType = sourcecode.c.h; path = CollectionViewBaseViewController.h; sourceTree = "<group>"; };
		CF4BBC811FC7C4270007EF74 /* CollectionViewBaseViewController.m */ = {isa = PBXFileReference; lastKnownFileType = sourcecode.c.objc; path = CollectionViewBaseViewController.m; sourceTree = "<group>"; };
		CF4BBC831FC7C6C60007EF74 /* LeagueInfo.h */ = {isa = PBXFileReference; fileEncoding = 4; lastKnownFileType = sourcecode.c.h; path = LeagueInfo.h; sourceTree = "<group>"; };
		CF4BBC841FC7C6C60007EF74 /* TeamInfo.h */ = {isa = PBXFileReference; fileEncoding = 4; lastKnownFileType = sourcecode.c.h; path = TeamInfo.h; sourceTree = "<group>"; };
		CF4BBC851FC7C6C60007EF74 /* TeamInfo.m */ = {isa = PBXFileReference; fileEncoding = 4; lastKnownFileType = sourcecode.c.objc; path = TeamInfo.m; sourceTree = "<group>"; };
		CF4BBC861FC7C6C60007EF74 /* LeagueInfo.m */ = {isa = PBXFileReference; fileEncoding = 4; lastKnownFileType = sourcecode.c.objc; path = LeagueInfo.m; sourceTree = "<group>"; };
		CF4BBC891FC7C6CD0007EF74 /* TeamInfoCell.h */ = {isa = PBXFileReference; fileEncoding = 4; lastKnownFileType = sourcecode.c.h; path = TeamInfoCell.h; sourceTree = "<group>"; };
		CF4BBC8A1FC7C6CD0007EF74 /* TeamInfoCell.m */ = {isa = PBXFileReference; fileEncoding = 4; lastKnownFileType = sourcecode.c.objc; path = TeamInfoCell.m; sourceTree = "<group>"; };
		CF4BBC8D1FC7C7170007EF74 /* NSObject+Class.h */ = {isa = PBXFileReference; fileEncoding = 4; lastKnownFileType = sourcecode.c.h; path = "NSObject+Class.h"; sourceTree = "<group>"; };
		CF4BBC8E1FC7C7170007EF74 /* NSObject+Class.m */ = {isa = PBXFileReference; fileEncoding = 4; lastKnownFileType = sourcecode.c.objc; path = "NSObject+Class.m"; sourceTree = "<group>"; };
		CF4BBC8F1FC7C7170007EF74 /* NSObject+Coding.h */ = {isa = PBXFileReference; fileEncoding = 4; lastKnownFileType = sourcecode.c.h; path = "NSObject+Coding.h"; sourceTree = "<group>"; };
		CF4BBC901FC7C7170007EF74 /* NSObject+Coding.m */ = {isa = PBXFileReference; fileEncoding = 4; lastKnownFileType = sourcecode.c.objc; path = "NSObject+Coding.m"; sourceTree = "<group>"; };
		CF4BBC911FC7C7170007EF74 /* NSObject+MulArgPerformSel.h */ = {isa = PBXFileReference; fileEncoding = 4; lastKnownFileType = sourcecode.c.h; path = "NSObject+MulArgPerformSel.h"; sourceTree = "<group>"; };
		CF4BBC921FC7C7170007EF74 /* NSObject+MulArgPerformSel.m */ = {isa = PBXFileReference; fileEncoding = 4; lastKnownFileType = sourcecode.c.objc; path = "NSObject+MulArgPerformSel.m"; sourceTree = "<group>"; };
		CF4BBC941FC7C7170007EF74 /* UIImage+DWViewShot.h */ = {isa = PBXFileReference; fileEncoding = 4; lastKnownFileType = sourcecode.c.h; path = "UIImage+DWViewShot.h"; sourceTree = "<group>"; };
		CF4BBC951FC7C7170007EF74 /* UIImage+DWViewShot.m */ = {isa = PBXFileReference; fileEncoding = 4; lastKnownFileType = sourcecode.c.objc; path = "UIImage+DWViewShot.m"; sourceTree = "<group>"; };
		CF4BBC9A1FC7D5730007EF74 /* LeagueHeaderReusableView.h */ = {isa = PBXFileReference; fileEncoding = 4; lastKnownFileType = sourcecode.c.h; path = LeagueHeaderReusableView.h; sourceTree = "<group>"; };
		CF4BBC9B1FC7D5730007EF74 /* LeagueHeaderReusableView.m */ = {isa = PBXFileReference; fileEncoding = 4; lastKnownFileType = sourcecode.c.objc; path = LeagueHeaderReusableView.m; sourceTree = "<group>"; };
		CF71D4521F8CA2A700E8FD99 /* MainViewController.h */ = {isa = PBXFileReference; lastKnownFileType = sourcecode.c.h; path = MainViewController.h; sourceTree = "<group>"; };
		CF71D4531F8CA2A700E8FD99 /* MainViewController.m */ = {isa = PBXFileReference; lastKnownFileType = sourcecode.c.objc; path = MainViewController.m; sourceTree = "<group>"; };
		CF71D4561F8CA30C00E8FD99 /* NormalViewController.h */ = {isa = PBXFileReference; lastKnownFileType = sourcecode.c.h; path = NormalViewController.h; sourceTree = "<group>"; };
		CF71D4571F8CA30C00E8FD99 /* NormalViewController.m */ = {isa = PBXFileReference; lastKnownFileType = sourcecode.c.objc; path = NormalViewController.m; sourceTree = "<group>"; };
		CF71D45A1F8CA4C100E8FD99 /* DataManager.h */ = {isa = PBXFileReference; lastKnownFileType = sourcecode.c.h; path = DataManager.h; sourceTree = "<group>"; };
		CF71D45B1F8CA4C100E8FD99 /* DataManager.m */ = {isa = PBXFileReference; lastKnownFileType = sourcecode.c.objc; path = DataManager.m; sourceTree = "<group>"; };
		CF85BC6A1FA438F7000A9D5A /* DWCollectionViewFlowLayout.h */ = {isa = PBXFileReference; fileEncoding = 4; lastKnownFileType = sourcecode.c.h; path = DWCollectionViewFlowLayout.h; sourceTree = "<group>"; };
		CF85BC6B1FA438F7000A9D5A /* DWCollectionViewFlowLayout.m */ = {isa = PBXFileReference; fileEncoding = 4; lastKnownFileType = sourcecode.c.objc; path = DWCollectionViewFlowLayout.m; sourceTree = "<group>"; };
		CF9555671F6A28CE007A4B32 /* DWFlowLayout.h */ = {isa = PBXFileReference; fileEncoding = 4; lastKnownFileType = sourcecode.c.h; path = DWFlowLayout.h; sourceTree = "<group>"; };
		CF9555681F6A28CE007A4B32 /* DWFlowLayout.m */ = {isa = PBXFileReference; fileEncoding = 4; lastKnownFileType = sourcecode.c.objc; path = DWFlowLayout.m; sourceTree = "<group>"; };
		CFBD7B021F2AE65900D7BBA8 /* DWCollectionViewDemo.app */ = {isa = PBXFileReference; explicitFileType = wrapper.application; includeInIndex = 0; path = DWCollectionViewDemo.app; sourceTree = BUILT_PRODUCTS_DIR; };
		CFBD7B061F2AE65900D7BBA8 /* main.m */ = {isa = PBXFileReference; lastKnownFileType = sourcecode.c.objc; path = main.m; sourceTree = "<group>"; };
		CFBD7B081F2AE65900D7BBA8 /* AppDelegate.h */ = {isa = PBXFileReference; lastKnownFileType = sourcecode.c.h; path = AppDelegate.h; sourceTree = "<group>"; };
		CFBD7B091F2AE65900D7BBA8 /* AppDelegate.m */ = {isa = PBXFileReference; lastKnownFileType = sourcecode.c.objc; path = AppDelegate.m; sourceTree = "<group>"; };
		CFBD7B0B1F2AE65900D7BBA8 /* ViewController.h */ = {isa = PBXFileReference; lastKnownFileType = sourcecode.c.h; path = ViewController.h; sourceTree = "<group>"; };
		CFBD7B0C1F2AE65900D7BBA8 /* ViewController.m */ = {isa = PBXFileReference; lastKnownFileType = sourcecode.c.objc; path = ViewController.m; sourceTree = "<group>"; };
		CFBD7B0F1F2AE65900D7BBA8 /* Base */ = {isa = PBXFileReference; lastKnownFileType = file.storyboard; name = Base; path = Base.lproj/Main.storyboard; sourceTree = "<group>"; };
		CFBD7B111F2AE65900D7BBA8 /* Assets.xcassets */ = {isa = PBXFileReference; lastKnownFileType = folder.assetcatalog; path = Assets.xcassets; sourceTree = "<group>"; };
		CFBD7B141F2AE65900D7BBA8 /* Base */ = {isa = PBXFileReference; lastKnownFileType = file.storyboard; name = Base; path = Base.lproj/LaunchScreen.storyboard; sourceTree = "<group>"; };
		CFBD7B161F2AE65900D7BBA8 /* Info.plist */ = {isa = PBXFileReference; lastKnownFileType = text.plist.xml; path = Info.plist; sourceTree = "<group>"; };
		CFBD7B1B1F2AE65900D7BBA8 /* DWCollectionViewDemoTests.xctest */ = {isa = PBXFileReference; explicitFileType = wrapper.cfbundle; includeInIndex = 0; path = DWCollectionViewDemoTests.xctest; sourceTree = BUILT_PRODUCTS_DIR; };
		CFBD7B1F1F2AE65900D7BBA8 /* DWCollectionViewDemoTests.m */ = {isa = PBXFileReference; lastKnownFileType = sourcecode.c.objc; path = DWCollectionViewDemoTests.m; sourceTree = "<group>"; };
		CFBD7B211F2AE65900D7BBA8 /* Info.plist */ = {isa = PBXFileReference; lastKnownFileType = text.plist.xml; path = Info.plist; sourceTree = "<group>"; };
		CFBD7B2E1F2AE68200D7BBA8 /* DWCollectionViewCellProtocol.h */ = {isa = PBXFileReference; fileEncoding = 4; lastKnownFileType = sourcecode.c.h; path = DWCollectionViewCellProtocol.h; sourceTree = "<group>"; };
		CFBD7B341F2AE68200D7BBA8 /* DWCollectionDelegate.h */ = {isa = PBXFileReference; fileEncoding = 4; lastKnownFileType = sourcecode.c.h; path = DWCollectionDelegate.h; sourceTree = "<group>"; };
		CFBD7B351F2AE68200D7BBA8 /* DWCollectionDelegate.m */ = {isa = PBXFileReference; fileEncoding = 4; lastKnownFileType = sourcecode.c.objc; path = DWCollectionDelegate.m; sourceTree = "<group>"; };
		CFBD7B371F2AE68200D7BBA8 /* DWCollectionCellMaker.h */ = {isa = PBXFileReference; fileEncoding = 4; lastKnownFileType = sourcecode.c.h; path = DWCollectionCellMaker.h; sourceTree = "<group>"; };
		CFBD7B381F2AE68200D7BBA8 /* DWCollectionCellMaker.m */ = {isa = PBXFileReference; fileEncoding = 4; lastKnownFileType = sourcecode.c.objc; path = DWCollectionCellMaker.m; sourceTree = "<group>"; };
		CFBD7B391F2AE68200D7BBA8 /* DWCollectionDelegateMaker.h */ = {isa = PBXFileReference; fileEncoding = 4; lastKnownFileType = sourcecode.c.h; path = DWCollectionDelegateMaker.h; sourceTree = "<group>"; };
		CFBD7B3A1F2AE68200D7BBA8 /* DWCollectionDelegateMaker.m */ = {isa = PBXFileReference; fileEncoding = 4; lastKnownFileType = sourcecode.c.objc; path = DWCollectionDelegateMaker.m; sourceTree = "<group>"; };
		CFBD7B3B1F2AE68200D7BBA8 /* DWCollectionHeaderFooterMaker.h */ = {isa = PBXFileReference; fileEncoding = 4; lastKnownFileType = sourcecode.c.h; path = DWCollectionHeaderFooterMaker.h; sourceTree = "<group>"; };
		CFBD7B3C1F2AE68200D7BBA8 /* DWCollectionHeaderFooterMaker.m */ = {isa = PBXFileReference; fileEncoding = 4; lastKnownFileType = sourcecode.c.objc; path = DWCollectionHeaderFooterMaker.m; sourceTree = "<group>"; };
		CFBD7B3D1F2AE68200D7BBA8 /* DWCollectionView.h */ = {isa = PBXFileReference; fileEncoding = 4; lastKnownFileType = sourcecode.c.h; path = DWCollectionView.h; sourceTree = "<group>"; };
		CFBD7B3E1F2AE68200D7BBA8 /* DWCollectionView.m */ = {isa = PBXFileReference; fileEncoding = 4; lastKnownFileType = sourcecode.c.objc; path = DWCollectionView.m; sourceTree = "<group>"; };
		CFBD7B401F2AE68200D7BBA8 /* DWMapperModel.h */ = {isa = PBXFileReference; fileEncoding = 4; lastKnownFileType = sourcecode.c.h; path = DWMapperModel.h; sourceTree = "<group>"; };
		CFBD7B411F2AE68200D7BBA8 /* DWMapperModel.m */ = {isa = PBXFileReference; fileEncoding = 4; lastKnownFileType = sourcecode.c.objc; path = DWMapperModel.m; sourceTree = "<group>"; };
		CFBD7B431F2AE68200D7BBA8 /* DWProtocolMethodImplementation.h */ = {isa = PBXFileReference; fileEncoding = 4; lastKnownFileType = sourcecode.c.h; path = DWProtocolMethodImplementation.h; sourceTree = "<group>"; };
		CFBD7B441F2AE68200D7BBA8 /* DWProtocolMethodImplementation.m */ = {isa = PBXFileReference; fileEncoding = 4; lastKnownFileType = sourcecode.c.objc; path = DWProtocolMethodImplementation.m; sourceTree = "<group>"; };
		CFBD7B451F2AE68200D7BBA8 /* DWSection.h */ = {isa = PBXFileReference; fileEncoding = 4; lastKnownFileType = sourcecode.c.h; path = DWSection.h; sourceTree = "<group>"; };
		CFBD7B461F2AE68200D7BBA8 /* DWSection.m */ = {isa = PBXFileReference; fileEncoding = 4; lastKnownFileType = sourcecode.c.objc; path = DWSection.m; sourceTree = "<group>"; };
		CFBD7B691F2AE75E00D7BBA8 /* DWCollection.framework */ = {isa = PBXFileReference; explicitFileType = wrapper.framework; includeInIndex = 0; path = DWCollection.framework; sourceTree = BUILT_PRODUCTS_DIR; };
		CFBD7B6B1F2AE75E00D7BBA8 /* DWCollection.h */ = {isa = PBXFileReference; lastKnownFileType = sourcecode.c.h; path = DWCollection.h; sourceTree = "<group>"; };
		CFBD7B6C1F2AE75E00D7BBA8 /* Info.plist */ = {isa = PBXFileReference; lastKnownFileType = text.plist.xml; path = Info.plist; sourceTree = "<group>"; };
		CFBD7B711F2AE75E00D7BBA8 /* DWCollectionTests.xctest */ = {isa = PBXFileReference; explicitFileType = wrapper.cfbundle; includeInIndex = 0; path = DWCollectionTests.xctest; sourceTree = BUILT_PRODUCTS_DIR; };
		CFBD7B781F2AE75E00D7BBA8 /* DWCollectionTests.m */ = {isa = PBXFileReference; lastKnownFileType = sourcecode.c.objc; path = DWCollectionTests.m; sourceTree = "<group>"; };
		CFBD7B7A1F2AE75E00D7BBA8 /* Info.plist */ = {isa = PBXFileReference; lastKnownFileType = text.plist.xml; path = Info.plist; sourceTree = "<group>"; };
/* End PBXFileReference section */

/* Begin PBXFrameworksBuildPhase section */
		CFBD7AFF1F2AE65900D7BBA8 /* Frameworks */ = {
			isa = PBXFrameworksBuildPhase;
			buildActionMask = 2147483647;
			files = (
				CF1919001F665C96002DD31B /* SDWebImage.framework in Frameworks */,
				CF1918FE1F665C96002DD31B /* MJRefresh.framework in Frameworks */,
			);
			runOnlyForDeploymentPostprocessing = 0;
		};
		CFBD7B181F2AE65900D7BBA8 /* Frameworks */ = {
			isa = PBXFrameworksBuildPhase;
			buildActionMask = 2147483647;
			files = (
			);
			runOnlyForDeploymentPostprocessing = 0;
		};
		CFBD7B651F2AE75E00D7BBA8 /* Frameworks */ = {
			isa = PBXFrameworksBuildPhase;
			buildActionMask = 2147483647;
			files = (
			);
			runOnlyForDeploymentPostprocessing = 0;
		};
		CFBD7B6E1F2AE75E00D7BBA8 /* Frameworks */ = {
			isa = PBXFrameworksBuildPhase;
			buildActionMask = 2147483647;
			files = (
				CFBD7B721F2AE75E00D7BBA8 /* DWCollection.framework in Frameworks */,
			);
			runOnlyForDeploymentPostprocessing = 0;
		};
/* End PBXFrameworksBuildPhase section */

/* Begin PBXGroup section */
		CF1919021F665CA1002DD31B /* Framework */ = {
			isa = PBXGroup;
			children = (
				CF1918FC1F665C96002DD31B /* MJRefresh.framework */,
				CF1918FD1F665C96002DD31B /* SDWebImage.framework */,
			);
			name = Framework;
			sourceTree = "<group>";
		};
		CF1919061F666483002DD31B /* DWRefresher */ = {
			isa = PBXGroup;
			children = (
				CF1919281F67B68E002DD31B /* DWRefreshManagerProtocol.h */,
			);
			path = DWRefresher;
			sourceTree = "<group>";
		};
		CF19192C1F67B707002DD31B /* Refresh */ = {
			isa = PBXGroup;
			children = (
				CF19192D1F67B707002DD31B /* DWRefreshManager.h */,
				CF19192E1F67B707002DD31B /* DWRefreshManager.m */,
				CF1919301F67B728002DD31B /* EgRefreshView */,
			);
			path = Refresh;
			sourceTree = "<group>";
		};
		CF1919301F67B728002DD31B /* EgRefreshView */ = {
			isa = PBXGroup;
			children = (
				CF1919311F67B728002DD31B /* DWMJRefreshFooter.h */,
				CF1919321F67B728002DD31B /* DWMJRefreshFooter.m */,
				CF1919331F67B728002DD31B /* DWMJRefreshHeader.h */,
				CF1919341F67B728002DD31B /* DWMJRefreshHeader.m */,
			);
			path = EgRefreshView;
			sourceTree = "<group>";
		};
		CF2FBD301F98754200247FDB /* DemoViews */ = {
			isa = PBXGroup;
			children = (
				CF4BBC891FC7C6CD0007EF74 /* TeamInfoCell.h */,
				CF4BBC8A1FC7C6CD0007EF74 /* TeamInfoCell.m */,
				CF4BBC9A1FC7D5730007EF74 /* LeagueHeaderReusableView.h */,
				CF4BBC9B1FC7D5730007EF74 /* LeagueHeaderReusableView.m */,
			);
			path = DemoViews;
			sourceTree = "<group>";
		};
		CF2FBD311F98754300247FDB /* DemoModels */ = {
			isa = PBXGroup;
			children = (
				CF4BBC831FC7C6C60007EF74 /* LeagueInfo.h */,
				CF4BBC861FC7C6C60007EF74 /* LeagueInfo.m */,
				CF4BBC841FC7C6C60007EF74 /* TeamInfo.h */,
				CF4BBC851FC7C6C60007EF74 /* TeamInfo.m */,
			);
			path = DemoModels;
			sourceTree = "<group>";
		};
		CF4BBC8C1FC7C7170007EF74 /* NSObjectExtention */ = {
			isa = PBXGroup;
			children = (
				CF4BBC8D1FC7C7170007EF74 /* NSObject+Class.h */,
				CF4BBC8E1FC7C7170007EF74 /* NSObject+Class.m */,
				CF4BBC8F1FC7C7170007EF74 /* NSObject+Coding.h */,
				CF4BBC901FC7C7170007EF74 /* NSObject+Coding.m */,
				CF4BBC911FC7C7170007EF74 /* NSObject+MulArgPerformSel.h */,
				CF4BBC921FC7C7170007EF74 /* NSObject+MulArgPerformSel.m */,
			);
			path = NSObjectExtention;
			sourceTree = "<group>";
		};
		CF4BBC931FC7C7170007EF74 /* UIImageExtention */ = {
			isa = PBXGroup;
			children = (
				CF4BBC941FC7C7170007EF74 /* UIImage+DWViewShot.h */,
				CF4BBC951FC7C7170007EF74 /* UIImage+DWViewShot.m */,
			);
			path = UIImageExtention;
			sourceTree = "<group>";
		};
		CF71D4551F8CA2FA00E8FD99 /* DemoVCs */ = {
			isa = PBXGroup;
			children = (
				CF71D4561F8CA30C00E8FD99 /* NormalViewController.h */,
				CF71D4571F8CA30C00E8FD99 /* NormalViewController.m */,
				CF4BBC801FC7C4270007EF74 /* CollectionViewBaseViewController.h */,
				CF4BBC811FC7C4270007EF74 /* CollectionViewBaseViewController.m */,
			);
			path = DemoVCs;
			sourceTree = "<group>";
		};
		CF71D4591F8CA4A800E8FD99 /* DataManager */ = {
			isa = PBXGroup;
			children = (
				CF71D45A1F8CA4C100E8FD99 /* DataManager.h */,
				CF71D45B1F8CA4C100E8FD99 /* DataManager.m */,
			);
			path = DataManager;
			sourceTree = "<group>";
		};
		CF71D4601F8CF2DF00E8FD99 /* Extention */ = {
			isa = PBXGroup;
			children = (
				CF4BBC8C1FC7C7170007EF74 /* NSObjectExtention */,
				CF4BBC931FC7C7170007EF74 /* UIImageExtention */,
			);
			path = Extention;
			sourceTree = "<group>";
		};
		CF85BC691FA438F7000A9D5A /* DWCollectionLayout */ = {
			isa = PBXGroup;
			children = (
				CF85BC6A1FA438F7000A9D5A /* DWCollectionViewFlowLayout.h */,
				CF85BC6B1FA438F7000A9D5A /* DWCollectionViewFlowLayout.m */,
			);
			path = DWCollectionLayout;
			sourceTree = "<group>";
		};
		CF9555661F6A28AE007A4B32 /* FlowLayout */ = {
			isa = PBXGroup;
			children = (
				CF9555671F6A28CE007A4B32 /* DWFlowLayout.h */,
				CF9555681F6A28CE007A4B32 /* DWFlowLayout.m */,
				CF0370CC1F6D130C00F5BB28 /* DWFlowAutoMoveLayout.h */,
				CF0370CD1F6D130C00F5BB28 /* DWFlowAutoMoveLayout.m */,
			);
			path = FlowLayout;
			sourceTree = "<group>";
		};
		CFBD7AF91F2AE65900D7BBA8 = {
			isa = PBXGroup;
			children = (
				CF1919021F665CA1002DD31B /* Framework */,
				CFBD7B041F2AE65900D7BBA8 /* DWCollectionViewDemo */,
				CFBD7B1E1F2AE65900D7BBA8 /* DWCollectionViewDemoTests */,
				CFBD7B6A1F2AE75E00D7BBA8 /* DWCollection */,
				CFBD7B771F2AE75E00D7BBA8 /* DWCollectionTests */,
				CFBD7B031F2AE65900D7BBA8 /* Products */,
			);
			sourceTree = "<group>";
		};
		CFBD7B031F2AE65900D7BBA8 /* Products */ = {
			isa = PBXGroup;
			children = (
				CFBD7B021F2AE65900D7BBA8 /* DWCollectionViewDemo.app */,
				CFBD7B1B1F2AE65900D7BBA8 /* DWCollectionViewDemoTests.xctest */,
				CFBD7B691F2AE75E00D7BBA8 /* DWCollection.framework */,
				CFBD7B711F2AE75E00D7BBA8 /* DWCollectionTests.xctest */,
			);
			name = Products;
			sourceTree = "<group>";
		};
		CFBD7B041F2AE65900D7BBA8 /* DWCollectionViewDemo */ = {
			isa = PBXGroup;
			children = (
				CFBD7B081F2AE65900D7BBA8 /* AppDelegate.h */,
				CFBD7B091F2AE65900D7BBA8 /* AppDelegate.m */,
				CF71D4521F8CA2A700E8FD99 /* MainViewController.h */,
				CF71D4531F8CA2A700E8FD99 /* MainViewController.m */,
				CFBD7B0B1F2AE65900D7BBA8 /* ViewController.h */,
				CFBD7B0C1F2AE65900D7BBA8 /* ViewController.m */,
				CFBD7B0E1F2AE65900D7BBA8 /* Main.storyboard */,
				CF71D4601F8CF2DF00E8FD99 /* Extention */,
				CF71D4591F8CA4A800E8FD99 /* DataManager */,
				CF71D4551F8CA2FA00E8FD99 /* DemoVCs */,
				CF2FBD311F98754300247FDB /* DemoModels */,
				CF2FBD301F98754200247FDB /* DemoViews */,
				CF19192C1F67B707002DD31B /* Refresh */,
				CF1918F41F664AA9002DD31B /* issue.rtf */,
				CFBD7B471F2AE68200D7BBA8 /* EgModelCell */,
				CF9555661F6A28AE007A4B32 /* FlowLayout */,
				CFBD7B2A1F2AE68200D7BBA8 /* DWCollectionView */,
				CFBD7B111F2AE65900D7BBA8 /* Assets.xcassets */,
				CFBD7B131F2AE65900D7BBA8 /* LaunchScreen.storyboard */,
				CFBD7B161F2AE65900D7BBA8 /* Info.plist */,
				CFBD7B051F2AE65900D7BBA8 /* Supporting Files */,
			);
			path = DWCollectionViewDemo;
			sourceTree = "<group>";
		};
		CFBD7B051F2AE65900D7BBA8 /* Supporting Files */ = {
			isa = PBXGroup;
			children = (
				CF1919051F665E81002DD31B /* DWCollectionGlobal.pch */,
				CFBD7B061F2AE65900D7BBA8 /* main.m */,
			);
			name = "Supporting Files";
			sourceTree = "<group>";
		};
		CFBD7B1E1F2AE65900D7BBA8 /* DWCollectionViewDemoTests */ = {
			isa = PBXGroup;
			children = (
				CFBD7B1F1F2AE65900D7BBA8 /* DWCollectionViewDemoTests.m */,
				CFBD7B211F2AE65900D7BBA8 /* Info.plist */,
			);
			path = DWCollectionViewDemoTests;
			sourceTree = "<group>";
		};
		CFBD7B2A1F2AE68200D7BBA8 /* DWCollectionView */ = {
			isa = PBXGroup;
			children = (
				CFBD7B3D1F2AE68200D7BBA8 /* DWCollectionView.h */,
				CFBD7B3E1F2AE68200D7BBA8 /* DWCollectionView.m */,
				CFBD7B451F2AE68200D7BBA8 /* DWSection.h */,
				CFBD7B461F2AE68200D7BBA8 /* DWSection.m */,
				CF85BC691FA438F7000A9D5A /* DWCollectionLayout */,
				CF1919061F666483002DD31B /* DWRefresher */,
				CFBD7B2B1F2AE68200D7BBA8 /* DWCollectionCell */,
				CFBD7B331F2AE68200D7BBA8 /* DWCollectionDelegate */,
				CFBD7B361F2AE68200D7BBA8 /* DWCollectionMaker */,
				CFBD7B3F1F2AE68200D7BBA8 /* DWMapperModel */,
				CFBD7B421F2AE68200D7BBA8 /* DWProtocolImplementation */,
			);
			path = DWCollectionView;
			sourceTree = "<group>";
		};
		CFBD7B2B1F2AE68200D7BBA8 /* DWCollectionCell */ = {
			isa = PBXGroup;
			children = (
				CFBD7B2E1F2AE68200D7BBA8 /* DWCollectionViewCellProtocol.h */,
			);
			path = DWCollectionCell;
			sourceTree = "<group>";
		};
		CFBD7B331F2AE68200D7BBA8 /* DWCollectionDelegate */ = {
			isa = PBXGroup;
			children = (
				CFBD7B341F2AE68200D7BBA8 /* DWCollectionDelegate.h */,
				CFBD7B351F2AE68200D7BBA8 /* DWCollectionDelegate.m */,
				CF1918E71F663F71002DD31B /* DWCollectionViewDelegate.h */,
				CF1918E81F663F71002DD31B /* DWCollectionViewDelegate.m */,
				CF1918EA1F664005002DD31B /* DWCollectionDataSource.h */,
				CF1918EB1F664005002DD31B /* DWCollectionDataSource.m */,
			);
			path = DWCollectionDelegate;
			sourceTree = "<group>";
		};
		CFBD7B361F2AE68200D7BBA8 /* DWCollectionMaker */ = {
			isa = PBXGroup;
			children = (
				CFBD7B371F2AE68200D7BBA8 /* DWCollectionCellMaker.h */,
				CFBD7B381F2AE68200D7BBA8 /* DWCollectionCellMaker.m */,
				CFBD7B391F2AE68200D7BBA8 /* DWCollectionDelegateMaker.h */,
				CFBD7B3A1F2AE68200D7BBA8 /* DWCollectionDelegateMaker.m */,
				CFBD7B3B1F2AE68200D7BBA8 /* DWCollectionHeaderFooterMaker.h */,
				CFBD7B3C1F2AE68200D7BBA8 /* DWCollectionHeaderFooterMaker.m */,
			);
			path = DWCollectionMaker;
			sourceTree = "<group>";
		};
		CFBD7B3F1F2AE68200D7BBA8 /* DWMapperModel */ = {
			isa = PBXGroup;
			children = (
				CFBD7B401F2AE68200D7BBA8 /* DWMapperModel.h */,
				CFBD7B411F2AE68200D7BBA8 /* DWMapperModel.m */,
			);
			path = DWMapperModel;
			sourceTree = "<group>";
		};
		CFBD7B421F2AE68200D7BBA8 /* DWProtocolImplementation */ = {
			isa = PBXGroup;
			children = (
				CFBD7B431F2AE68200D7BBA8 /* DWProtocolMethodImplementation.h */,
				CFBD7B441F2AE68200D7BBA8 /* DWProtocolMethodImplementation.m */,
			);
			path = DWProtocolImplementation;
			sourceTree = "<group>";
		};
		CFBD7B471F2AE68200D7BBA8 /* EgModelCell */ = {
			isa = PBXGroup;
			children = (
				CF1919381F67BA68002DD31B /* DWCollectionViewCell.h */,
				CF1919391F67BA68002DD31B /* DWCollectionViewCell.m */,
				CF19193A1F67BA68002DD31B /* DWFooterCollectionReusableView.h */,
				CF19193B1F67BA68002DD31B /* DWFooterCollectionReusableView.m */,
				CF19193C1F67BA68002DD31B /* DWHeaderCollectionReusableView.h */,
				CF19193D1F67BA68002DD31B /* DWHeaderCollectionReusableView.m */,
			);
			path = EgModelCell;
			sourceTree = "<group>";
		};
		CFBD7B6A1F2AE75E00D7BBA8 /* DWCollection */ = {
			isa = PBXGroup;
			children = (
				CFBD7B6B1F2AE75E00D7BBA8 /* DWCollection.h */,
				CFBD7B6C1F2AE75E00D7BBA8 /* Info.plist */,
			);
			path = DWCollection;
			sourceTree = "<group>";
		};
		CFBD7B771F2AE75E00D7BBA8 /* DWCollectionTests */ = {
			isa = PBXGroup;
			children = (
				CFBD7B781F2AE75E00D7BBA8 /* DWCollectionTests.m */,
				CFBD7B7A1F2AE75E00D7BBA8 /* Info.plist */,
			);
			path = DWCollectionTests;
			sourceTree = "<group>";
		};
/* End PBXGroup section */

/* Begin PBXHeadersBuildPhase section */
		CFBD7B661F2AE75E00D7BBA8 /* Headers */ = {
			isa = PBXHeadersBuildPhase;
			buildActionMask = 2147483647;
			files = (
				CFBD7B7B1F2AE75E00D7BBA8 /* DWCollection.h in Headers */,
				CFBD7B881F2AE78A00D7BBA8 /* DWCollectionViewCellProtocol.h in Headers */,
				CFBD7B8C1F2AE78A00D7BBA8 /* DWCollectionCellMaker.h in Headers */,
				CFBD7B8E1F2AE78A00D7BBA8 /* DWCollectionHeaderFooterMaker.h in Headers */,
				CFBD7B8F1F2AE78A00D7BBA8 /* DWCollectionView.h in Headers */,
				CFBD7B8D1F2AE78A00D7BBA8 /* DWCollectionDelegateMaker.h in Headers */,
				CFBD7B921F2AE78A00D7BBA8 /* DWSection.h in Headers */,
				CF1919371F67B75C002DD31B /* DWRefreshManagerProtocol.h in Headers */,
			);
			runOnlyForDeploymentPostprocessing = 0;
		};
/* End PBXHeadersBuildPhase section */

/* Begin PBXNativeTarget section */
		CFBD7B011F2AE65900D7BBA8 /* DWCollectionViewDemo */ = {
			isa = PBXNativeTarget;
			buildConfigurationList = CFBD7B241F2AE65900D7BBA8 /* Build configuration list for PBXNativeTarget "DWCollectionViewDemo" */;
			buildPhases = (
				CFBD7AFE1F2AE65900D7BBA8 /* Sources */,
				CFBD7AFF1F2AE65900D7BBA8 /* Frameworks */,
				CFBD7B001F2AE65900D7BBA8 /* Resources */,
				CF1918F11F6648D1002DD31B /* Embed Frameworks */,
				CF1919031F665D0B002DD31B /* ShellScript */,
			);
			buildRules = (
			);
			dependencies = (
				CF1918F01F6648D1002DD31B /* PBXTargetDependency */,
			);
			name = DWCollectionViewDemo;
			productName = DWCollectionViewDemo;
			productReference = CFBD7B021F2AE65900D7BBA8 /* DWCollectionViewDemo.app */;
			productType = "com.apple.product-type.application";
		};
		CFBD7B1A1F2AE65900D7BBA8 /* DWCollectionViewDemoTests */ = {
			isa = PBXNativeTarget;
			buildConfigurationList = CFBD7B271F2AE65900D7BBA8 /* Build configuration list for PBXNativeTarget "DWCollectionViewDemoTests" */;
			buildPhases = (
				CFBD7B171F2AE65900D7BBA8 /* Sources */,
				CFBD7B181F2AE65900D7BBA8 /* Frameworks */,
				CFBD7B191F2AE65900D7BBA8 /* Resources */,
			);
			buildRules = (
			);
			dependencies = (
				CFBD7B1D1F2AE65900D7BBA8 /* PBXTargetDependency */,
			);
			name = DWCollectionViewDemoTests;
			productName = DWCollectionViewDemoTests;
			productReference = CFBD7B1B1F2AE65900D7BBA8 /* DWCollectionViewDemoTests.xctest */;
			productType = "com.apple.product-type.bundle.unit-test";
		};
		CFBD7B681F2AE75E00D7BBA8 /* DWCollection */ = {
			isa = PBXNativeTarget;
			buildConfigurationList = CFBD7B801F2AE75E00D7BBA8 /* Build configuration list for PBXNativeTarget "DWCollection" */;
			buildPhases = (
				CFBD7B641F2AE75E00D7BBA8 /* Sources */,
				CFBD7B651F2AE75E00D7BBA8 /* Frameworks */,
				CFBD7B661F2AE75E00D7BBA8 /* Headers */,
				CFBD7B671F2AE75E00D7BBA8 /* Resources */,
			);
			buildRules = (
			);
			dependencies = (
			);
			name = DWCollection;
			productName = DWCollection;
			productReference = CFBD7B691F2AE75E00D7BBA8 /* DWCollection.framework */;
			productType = "com.apple.product-type.framework";
		};
		CFBD7B701F2AE75E00D7BBA8 /* DWCollectionTests */ = {
			isa = PBXNativeTarget;
			buildConfigurationList = CFBD7B841F2AE75E00D7BBA8 /* Build configuration list for PBXNativeTarget "DWCollectionTests" */;
			buildPhases = (
				CFBD7B6D1F2AE75E00D7BBA8 /* Sources */,
				CFBD7B6E1F2AE75E00D7BBA8 /* Frameworks */,
				CFBD7B6F1F2AE75E00D7BBA8 /* Resources */,
			);
			buildRules = (
			);
			dependencies = (
				CFBD7B741F2AE75E00D7BBA8 /* PBXTargetDependency */,
				CFBD7B761F2AE75E00D7BBA8 /* PBXTargetDependency */,
			);
			name = DWCollectionTests;
			productName = DWCollectionTests;
			productReference = CFBD7B711F2AE75E00D7BBA8 /* DWCollectionTests.xctest */;
			productType = "com.apple.product-type.bundle.unit-test";
		};
/* End PBXNativeTarget section */

/* Begin PBXProject section */
		CFBD7AFA1F2AE65900D7BBA8 /* Project object */ = {
			isa = PBXProject;
			attributes = {
				LastUpgradeCheck = 0900;
				ORGANIZATIONNAME = "Dawn Wang";
				TargetAttributes = {
					CFBD7B011F2AE65900D7BBA8 = {
						CreatedOnToolsVersion = 8.3.2;
						ProvisioningStyle = Automatic;
					};
					CFBD7B1A1F2AE65900D7BBA8 = {
						CreatedOnToolsVersion = 8.3.2;
						ProvisioningStyle = Automatic;
						TestTargetID = CFBD7B011F2AE65900D7BBA8;
					};
					CFBD7B681F2AE75E00D7BBA8 = {
						CreatedOnToolsVersion = 8.3.2;
						ProvisioningStyle = Automatic;
					};
					CFBD7B701F2AE75E00D7BBA8 = {
						CreatedOnToolsVersion = 8.3.2;
						ProvisioningStyle = Automatic;
						TestTargetID = CFBD7B011F2AE65900D7BBA8;
					};
				};
			};
			buildConfigurationList = CFBD7AFD1F2AE65900D7BBA8 /* Build configuration list for PBXProject "DWCollectionViewDemo" */;
			compatibilityVersion = "Xcode 3.2";
			developmentRegion = English;
			hasScannedForEncodings = 0;
			knownRegions = (
				en,
				Base,
			);
			mainGroup = CFBD7AF91F2AE65900D7BBA8;
			productRefGroup = CFBD7B031F2AE65900D7BBA8 /* Products */;
			projectDirPath = "";
			projectRoot = "";
			targets = (
				CFBD7B011F2AE65900D7BBA8 /* DWCollectionViewDemo */,
				CFBD7B1A1F2AE65900D7BBA8 /* DWCollectionViewDemoTests */,
				CFBD7B681F2AE75E00D7BBA8 /* DWCollection */,
				CFBD7B701F2AE75E00D7BBA8 /* DWCollectionTests */,
			);
		};
/* End PBXProject section */

/* Begin PBXResourcesBuildPhase section */
		CFBD7B001F2AE65900D7BBA8 /* Resources */ = {
			isa = PBXResourcesBuildPhase;
			buildActionMask = 2147483647;
			files = (
				CF1918F51F664AA9002DD31B /* issue.rtf in Resources */,
				CFBD7B151F2AE65900D7BBA8 /* LaunchScreen.storyboard in Resources */,
				CFBD7B121F2AE65900D7BBA8 /* Assets.xcassets in Resources */,
				CFBD7B101F2AE65900D7BBA8 /* Main.storyboard in Resources */,
			);
			runOnlyForDeploymentPostprocessing = 0;
		};
		CFBD7B191F2AE65900D7BBA8 /* Resources */ = {
			isa = PBXResourcesBuildPhase;
			buildActionMask = 2147483647;
			files = (
			);
			runOnlyForDeploymentPostprocessing = 0;
		};
		CFBD7B671F2AE75E00D7BBA8 /* Resources */ = {
			isa = PBXResourcesBuildPhase;
			buildActionMask = 2147483647;
			files = (
			);
			runOnlyForDeploymentPostprocessing = 0;
		};
		CFBD7B6F1F2AE75E00D7BBA8 /* Resources */ = {
			isa = PBXResourcesBuildPhase;
			buildActionMask = 2147483647;
			files = (
			);
			runOnlyForDeploymentPostprocessing = 0;
		};
/* End PBXResourcesBuildPhase section */

/* Begin PBXShellScriptBuildPhase section */
		CF1919031F665D0B002DD31B /* ShellScript */ = {
			isa = PBXShellScriptBuildPhase;
			buildActionMask = 2147483647;
			files = (
			);
			inputPaths = (
				"$(SRCROOT)/Carthage/Build/iOS/MJRefresh.framework",
				"$(SRCROOT)/Carthage/Build/iOS/SDWebImage.framework",
			);
			outputPaths = (
			);
			runOnlyForDeploymentPostprocessing = 0;
			shellPath = /bin/sh;
			shellScript = "carthage copy-frameworks\n\n";
		};
/* End PBXShellScriptBuildPhase section */

/* Begin PBXSourcesBuildPhase section */
		CFBD7AFE1F2AE65900D7BBA8 /* Sources */ = {
			isa = PBXSourcesBuildPhase;
			buildActionMask = 2147483647;
			files = (
				CF4BBC821FC7C4270007EF74 /* CollectionViewBaseViewController.m in Sources */,
				CF71D45C1F8CA4C100E8FD99 /* DataManager.m in Sources */,
				CF1919401F67BA68002DD31B /* DWHeaderCollectionReusableView.m in Sources */,
				CF4BBC961FC7C7170007EF74 /* NSObject+Class.m in Sources */,
				CF1919351F67B728002DD31B /* DWMJRefreshFooter.m in Sources */,
				CFBD7B0D1F2AE65900D7BBA8 /* ViewController.m in Sources */,
				CF19193E1F67BA68002DD31B /* DWCollectionViewCell.m in Sources */,
				CF0370CE1F6D130C00F5BB28 /* DWFlowAutoMoveLayout.m in Sources */,
				CF85BC6C1FA438F7000A9D5A /* DWCollectionViewFlowLayout.m in Sources */,
				CF71D4581F8CA30C00E8FD99 /* NormalViewController.m in Sources */,
				CF4BBC991FC7C7170007EF74 /* UIImage+DWViewShot.m in Sources */,
				CF4BBC8B1FC7C6CD0007EF74 /* TeamInfoCell.m in Sources */,
				CF4BBC9C1FC7D5730007EF74 /* LeagueHeaderReusableView.m in Sources */,
				CF4BBC871FC7C6C60007EF74 /* TeamInfo.m in Sources */,
				CF19192F1F67B707002DD31B /* DWRefreshManager.m in Sources */,
				CF9555691F6A28CE007A4B32 /* DWFlowLayout.m in Sources */,
				CF1919361F67B728002DD31B /* DWMJRefreshHeader.m in Sources */,
				CF71D4541F8CA2A700E8FD99 /* MainViewController.m in Sources */,
				CF4BBC881FC7C6C60007EF74 /* LeagueInfo.m in Sources */,
				CF19193F1F67BA68002DD31B /* DWFooterCollectionReusableView.m in Sources */,
				CFBD7B0A1F2AE65900D7BBA8 /* AppDelegate.m in Sources */,
				CF4BBC981FC7C7170007EF74 /* NSObject+MulArgPerformSel.m in Sources */,
				CFBD7B071F2AE65900D7BBA8 /* main.m in Sources */,
				CF4BBC971FC7C7170007EF74 /* NSObject+Coding.m in Sources */,
			);
			runOnlyForDeploymentPostprocessing = 0;
		};
		CFBD7B171F2AE65900D7BBA8 /* Sources */ = {
			isa = PBXSourcesBuildPhase;
			buildActionMask = 2147483647;
			files = (
				CFBD7B201F2AE65900D7BBA8 /* DWCollectionViewDemoTests.m in Sources */,
			);
			runOnlyForDeploymentPostprocessing = 0;
		};
		CFBD7B641F2AE75E00D7BBA8 /* Sources */ = {
			isa = PBXSourcesBuildPhase;
			buildActionMask = 2147483647;
			files = (
				CF85BC6D1FA4396E000A9D5A /* DWCollectionViewFlowLayout.m in Sources */,
				CF0370C21F6CD8D800F5BB28 /* DWCollectionDelegate.m in Sources */,
				CF1918F21F664A36002DD31B /* DWCollectionViewDelegate.m in Sources */,
				CF1918F31F664A36002DD31B /* DWCollectionDataSource.m in Sources */,
				CFBD7BA81F2AE9E800D7BBA8 /* DWCollectionCellMaker.m in Sources */,
				CFBD7BA91F2AE9E800D7BBA8 /* DWCollectionDelegateMaker.m in Sources */,
				CFBD7BAA1F2AE9E800D7BBA8 /* DWCollectionHeaderFooterMaker.m in Sources */,
				CFBD7BAB1F2AE9E800D7BBA8 /* DWCollectionView.m in Sources */,
				CFBD7BAC1F2AE9E800D7BBA8 /* DWMapperModel.m in Sources */,
				CFBD7BAD1F2AE9E800D7BBA8 /* DWProtocolMethodImplementation.m in Sources */,
				CFBD7BAE1F2AE9E800D7BBA8 /* DWSection.m in Sources */,
			);
			runOnlyForDeploymentPostprocessing = 0;
		};
		CFBD7B6D1F2AE75E00D7BBA8 /* Sources */ = {
			isa = PBXSourcesBuildPhase;
			buildActionMask = 2147483647;
			files = (
				CFBD7B791F2AE75E00D7BBA8 /* DWCollectionTests.m in Sources */,
			);
			runOnlyForDeploymentPostprocessing = 0;
		};
/* End PBXSourcesBuildPhase section */

/* Begin PBXTargetDependency section */
		CF1918F01F6648D1002DD31B /* PBXTargetDependency */ = {
			isa = PBXTargetDependency;
			target = CFBD7B681F2AE75E00D7BBA8 /* DWCollection */;
			targetProxy = CF1918EF1F6648D1002DD31B /* PBXContainerItemProxy */;
		};
		CFBD7B1D1F2AE65900D7BBA8 /* PBXTargetDependency */ = {
			isa = PBXTargetDependency;
			target = CFBD7B011F2AE65900D7BBA8 /* DWCollectionViewDemo */;
			targetProxy = CFBD7B1C1F2AE65900D7BBA8 /* PBXContainerItemProxy */;
		};
		CFBD7B741F2AE75E00D7BBA8 /* PBXTargetDependency */ = {
			isa = PBXTargetDependency;
			target = CFBD7B681F2AE75E00D7BBA8 /* DWCollection */;
			targetProxy = CFBD7B731F2AE75E00D7BBA8 /* PBXContainerItemProxy */;
		};
		CFBD7B761F2AE75E00D7BBA8 /* PBXTargetDependency */ = {
			isa = PBXTargetDependency;
			target = CFBD7B011F2AE65900D7BBA8 /* DWCollectionViewDemo */;
			targetProxy = CFBD7B751F2AE75E00D7BBA8 /* PBXContainerItemProxy */;
		};
/* End PBXTargetDependency section */

/* Begin PBXVariantGroup section */
		CFBD7B0E1F2AE65900D7BBA8 /* Main.storyboard */ = {
			isa = PBXVariantGroup;
			children = (
				CFBD7B0F1F2AE65900D7BBA8 /* Base */,
			);
			name = Main.storyboard;
			sourceTree = "<group>";
		};
		CFBD7B131F2AE65900D7BBA8 /* LaunchScreen.storyboard */ = {
			isa = PBXVariantGroup;
			children = (
				CFBD7B141F2AE65900D7BBA8 /* Base */,
			);
			name = LaunchScreen.storyboard;
			sourceTree = "<group>";
		};
/* End PBXVariantGroup section */

/* Begin XCBuildConfiguration section */
		CFBD7B221F2AE65900D7BBA8 /* Debug */ = {
			isa = XCBuildConfiguration;
			buildSettings = {
				ALWAYS_SEARCH_USER_PATHS = NO;
				CLANG_ANALYZER_NONNULL = YES;
				CLANG_ANALYZER_NUMBER_OBJECT_CONVERSION = YES_AGGRESSIVE;
				CLANG_CXX_LANGUAGE_STANDARD = "gnu++0x";
				CLANG_CXX_LIBRARY = "libc++";
				CLANG_ENABLE_MODULES = YES;
				CLANG_ENABLE_OBJC_ARC = YES;
				CLANG_WARN_BLOCK_CAPTURE_AUTORELEASING = YES;
				CLANG_WARN_BOOL_CONVERSION = YES;
				CLANG_WARN_COMMA = YES;
				CLANG_WARN_CONSTANT_CONVERSION = YES;
				CLANG_WARN_DIRECT_OBJC_ISA_USAGE = YES_ERROR;
				CLANG_WARN_DOCUMENTATION_COMMENTS = YES;
				CLANG_WARN_EMPTY_BODY = YES;
				CLANG_WARN_ENUM_CONVERSION = YES;
				CLANG_WARN_INFINITE_RECURSION = YES;
				CLANG_WARN_INT_CONVERSION = YES;
				CLANG_WARN_NON_LITERAL_NULL_CONVERSION = YES;
				CLANG_WARN_OBJC_LITERAL_CONVERSION = YES;
				CLANG_WARN_OBJC_ROOT_CLASS = YES_ERROR;
				CLANG_WARN_RANGE_LOOP_ANALYSIS = YES;
				CLANG_WARN_STRICT_PROTOTYPES = YES;
				CLANG_WARN_SUSPICIOUS_MOVE = YES;
				CLANG_WARN_UNREACHABLE_CODE = YES;
				CLANG_WARN__DUPLICATE_METHOD_MATCH = YES;
				"CODE_SIGN_IDENTITY[sdk=iphoneos*]" = "iPhone Developer";
				COPY_PHASE_STRIP = NO;
				DEBUG_INFORMATION_FORMAT = dwarf;
				ENABLE_STRICT_OBJC_MSGSEND = YES;
				ENABLE_TESTABILITY = YES;
				GCC_C_LANGUAGE_STANDARD = gnu99;
				GCC_DYNAMIC_NO_PIC = NO;
				GCC_NO_COMMON_BLOCKS = YES;
				GCC_OPTIMIZATION_LEVEL = 0;
				GCC_PREPROCESSOR_DEFINITIONS = (
					"DEBUG=1",
					"$(inherited)",
				);
				GCC_WARN_64_TO_32_BIT_CONVERSION = YES;
				GCC_WARN_ABOUT_RETURN_TYPE = YES_ERROR;
				GCC_WARN_UNDECLARED_SELECTOR = YES;
				GCC_WARN_UNINITIALIZED_AUTOS = YES_AGGRESSIVE;
				GCC_WARN_UNUSED_FUNCTION = YES;
				GCC_WARN_UNUSED_VARIABLE = YES;
				IPHONEOS_DEPLOYMENT_TARGET = 9.0;
				MTL_ENABLE_DEBUG_INFO = YES;
				ONLY_ACTIVE_ARCH = YES;
				SDKROOT = iphoneos;
			};
			name = Debug;
		};
		CFBD7B231F2AE65900D7BBA8 /* Release */ = {
			isa = XCBuildConfiguration;
			buildSettings = {
				ALWAYS_SEARCH_USER_PATHS = NO;
				CLANG_ANALYZER_NONNULL = YES;
				CLANG_ANALYZER_NUMBER_OBJECT_CONVERSION = YES_AGGRESSIVE;
				CLANG_CXX_LANGUAGE_STANDARD = "gnu++0x";
				CLANG_CXX_LIBRARY = "libc++";
				CLANG_ENABLE_MODULES = YES;
				CLANG_ENABLE_OBJC_ARC = YES;
				CLANG_WARN_BLOCK_CAPTURE_AUTORELEASING = YES;
				CLANG_WARN_BOOL_CONVERSION = YES;
				CLANG_WARN_COMMA = YES;
				CLANG_WARN_CONSTANT_CONVERSION = YES;
				CLANG_WARN_DIRECT_OBJC_ISA_USAGE = YES_ERROR;
				CLANG_WARN_DOCUMENTATION_COMMENTS = YES;
				CLANG_WARN_EMPTY_BODY = YES;
				CLANG_WARN_ENUM_CONVERSION = YES;
				CLANG_WARN_INFINITE_RECURSION = YES;
				CLANG_WARN_INT_CONVERSION = YES;
				CLANG_WARN_NON_LITERAL_NULL_CONVERSION = YES;
				CLANG_WARN_OBJC_LITERAL_CONVERSION = YES;
				CLANG_WARN_OBJC_ROOT_CLASS = YES_ERROR;
				CLANG_WARN_RANGE_LOOP_ANALYSIS = YES;
				CLANG_WARN_STRICT_PROTOTYPES = YES;
				CLANG_WARN_SUSPICIOUS_MOVE = YES;
				CLANG_WARN_UNREACHABLE_CODE = YES;
				CLANG_WARN__DUPLICATE_METHOD_MATCH = YES;
				"CODE_SIGN_IDENTITY[sdk=iphoneos*]" = "iPhone Developer";
				COPY_PHASE_STRIP = NO;
				DEBUG_INFORMATION_FORMAT = "dwarf-with-dsym";
				ENABLE_NS_ASSERTIONS = NO;
				ENABLE_STRICT_OBJC_MSGSEND = YES;
				GCC_C_LANGUAGE_STANDARD = gnu99;
				GCC_NO_COMMON_BLOCKS = YES;
				GCC_WARN_64_TO_32_BIT_CONVERSION = YES;
				GCC_WARN_ABOUT_RETURN_TYPE = YES_ERROR;
				GCC_WARN_UNDECLARED_SELECTOR = YES;
				GCC_WARN_UNINITIALIZED_AUTOS = YES_AGGRESSIVE;
				GCC_WARN_UNUSED_FUNCTION = YES;
				GCC_WARN_UNUSED_VARIABLE = YES;
				IPHONEOS_DEPLOYMENT_TARGET = 9.0;
				MTL_ENABLE_DEBUG_INFO = NO;
				SDKROOT = iphoneos;
				VALIDATE_PRODUCT = YES;
			};
			name = Release;
		};
		CFBD7B251F2AE65900D7BBA8 /* Debug */ = {
			isa = XCBuildConfiguration;
			buildSettings = {
				ASSETCATALOG_COMPILER_APPICON_NAME = AppIcon;
				DEFINES_MODULE = YES;
				FRAMEWORK_SEARCH_PATHS = (
					"$(inherited)",
					"$(PROJECT_DIR)/Carthage/Build/iOS",
				);
				GCC_PREFIX_HEADER = DWCollectionViewDemo/DWCollectionGlobal.pch;
				INFOPLIST_FILE = DWCollectionViewDemo/Info.plist;
				LD_RUNPATH_SEARCH_PATHS = "$(inherited) @executable_path/Frameworks";
				ONLY_ACTIVE_ARCH = YES;
				OTHER_LDFLAGS = "$(inherited)";
				PRODUCT_BUNDLE_IDENTIFIER = dawn.DWCollectionViewDemo;
				PRODUCT_NAME = "$(TARGET_NAME)";
			};
			name = Debug;
		};
		CFBD7B261F2AE65900D7BBA8 /* Release */ = {
			isa = XCBuildConfiguration;
			buildSettings = {
				ASSETCATALOG_COMPILER_APPICON_NAME = AppIcon;
				DEFINES_MODULE = YES;
				FRAMEWORK_SEARCH_PATHS = (
					"$(inherited)",
					"$(PROJECT_DIR)/Carthage/Build/iOS",
				);
				GCC_PREFIX_HEADER = DWCollectionViewDemo/DWCollectionGlobal.pch;
				INFOPLIST_FILE = DWCollectionViewDemo/Info.plist;
				LD_RUNPATH_SEARCH_PATHS = "$(inherited) @executable_path/Frameworks";
				ONLY_ACTIVE_ARCH = NO;
				OTHER_LDFLAGS = "$(inherited)";
				PRODUCT_BUNDLE_IDENTIFIER = dawn.DWCollectionViewDemo;
				PRODUCT_NAME = "$(TARGET_NAME)";
			};
			name = Release;
		};
		CFBD7B281F2AE65900D7BBA8 /* Debug */ = {
			isa = XCBuildConfiguration;
			buildSettings = {
				BUNDLE_LOADER = "$(TEST_HOST)";
				INFOPLIST_FILE = DWCollectionViewDemoTests/Info.plist;
				LD_RUNPATH_SEARCH_PATHS = "$(inherited) @executable_path/Frameworks @loader_path/Frameworks";
				PRODUCT_BUNDLE_IDENTIFIER = dawn.DWCollectionViewDemoTests;
				PRODUCT_NAME = "$(TARGET_NAME)";
				TEST_HOST = "$(BUILT_PRODUCTS_DIR)/DWCollectionViewDemo.app/DWCollectionViewDemo";
			};
			name = Debug;
		};
		CFBD7B291F2AE65900D7BBA8 /* Release */ = {
			isa = XCBuildConfiguration;
			buildSettings = {
				BUNDLE_LOADER = "$(TEST_HOST)";
				INFOPLIST_FILE = DWCollectionViewDemoTests/Info.plist;
				LD_RUNPATH_SEARCH_PATHS = "$(inherited) @executable_path/Frameworks @loader_path/Frameworks";
				PRODUCT_BUNDLE_IDENTIFIER = dawn.DWCollectionViewDemoTests;
				PRODUCT_NAME = "$(TARGET_NAME)";
				TEST_HOST = "$(BUILT_PRODUCTS_DIR)/DWCollectionViewDemo.app/DWCollectionViewDemo";
			};
			name = Release;
		};
		CFBD7B811F2AE75E00D7BBA8 /* Debug */ = {
			isa = XCBuildConfiguration;
			buildSettings = {
				CODE_SIGN_IDENTITY = "";
				CURRENT_PROJECT_VERSION = 1;
				DEFINES_MODULE = YES;
				DYLIB_COMPATIBILITY_VERSION = 1;
				DYLIB_CURRENT_VERSION = 1;
				DYLIB_INSTALL_NAME_BASE = "@rpath";
				FRAMEWORK_SEARCH_PATHS = (
					"$(inherited)",
					"$(PROJECT_DIR)/Carthage/Build/iOS",
				);
				INFOPLIST_FILE = DWCollection/Info.plist;
				INSTALL_PATH = "$(LOCAL_LIBRARY_DIR)/Frameworks";
				LD_RUNPATH_SEARCH_PATHS = "$(inherited) @executable_path/Frameworks @loader_path/Frameworks";
				MODULEMAP_FILE = "";
				MODULEMAP_PRIVATE_FILE = "";
				OTHER_CFLAGS = "-fembed-bitcode";
				OTHER_LDFLAGS = "-all_load";
				PRODUCT_BUNDLE_IDENTIFIER = dawn.DWCollection;
				PRODUCT_NAME = "$(TARGET_NAME)";
				SKIP_INSTALL = YES;
				TARGETED_DEVICE_FAMILY = "1,2";
				VERSIONING_SYSTEM = "apple-generic";
				VERSION_INFO_PREFIX = "";
				WARNING_CFLAGS = "";
			};
			name = Debug;
		};
		CFBD7B821F2AE75E00D7BBA8 /* Release */ = {
			isa = XCBuildConfiguration;
			buildSettings = {
				CODE_SIGN_IDENTITY = "";
				CURRENT_PROJECT_VERSION = 1;
				DEFINES_MODULE = YES;
				DYLIB_COMPATIBILITY_VERSION = 1;
				DYLIB_CURRENT_VERSION = 1;
				DYLIB_INSTALL_NAME_BASE = "@rpath";
				FRAMEWORK_SEARCH_PATHS = (
					"$(inherited)",
					"$(PROJECT_DIR)/Carthage/Build/iOS",
				);
				INFOPLIST_FILE = DWCollection/Info.plist;
				INSTALL_PATH = "$(LOCAL_LIBRARY_DIR)/Frameworks";
				LD_RUNPATH_SEARCH_PATHS = "$(inherited) @executable_path/Frameworks @loader_path/Frameworks";
				MODULEMAP_FILE = "";
				MODULEMAP_PRIVATE_FILE = "";
				OTHER_CFLAGS = "-fembed-bitcode";
				OTHER_LDFLAGS = "-all_load";
				PRODUCT_BUNDLE_IDENTIFIER = dawn.DWCollection;
				PRODUCT_NAME = "$(TARGET_NAME)";
				SKIP_INSTALL = YES;
				TARGETED_DEVICE_FAMILY = "1,2";
				VERSIONING_SYSTEM = "apple-generic";
				VERSION_INFO_PREFIX = "";
				WARNING_CFLAGS = "";
			};
			name = Release;
		};
		CFBD7B851F2AE75E00D7BBA8 /* Debug */ = {
			isa = XCBuildConfiguration;
			buildSettings = {
				INFOPLIST_FILE = DWCollectionTests/Info.plist;
				LD_RUNPATH_SEARCH_PATHS = "$(inherited) @executable_path/Frameworks @loader_path/Frameworks";
				PRODUCT_BUNDLE_IDENTIFIER = dawn.DWCollectionTests;
				PRODUCT_NAME = "$(TARGET_NAME)";
				TEST_HOST = "$(BUILT_PRODUCTS_DIR)/DWCollectionViewDemo.app/DWCollectionViewDemo";
			};
			name = Debug;
		};
		CFBD7B861F2AE75E00D7BBA8 /* Release */ = {
			isa = XCBuildConfiguration;
			buildSettings = {
				INFOPLIST_FILE = DWCollectionTests/Info.plist;
				LD_RUNPATH_SEARCH_PATHS = "$(inherited) @executable_path/Frameworks @loader_path/Frameworks";
				PRODUCT_BUNDLE_IDENTIFIER = dawn.DWCollectionTests;
				PRODUCT_NAME = "$(TARGET_NAME)";
				TEST_HOST = "$(BUILT_PRODUCTS_DIR)/DWCollectionViewDemo.app/DWCollectionViewDemo";
			};
			name = Release;
		};
/* End XCBuildConfiguration section */

/* Begin XCConfigurationList section */
		CFBD7AFD1F2AE65900D7BBA8 /* Build configuration list for PBXProject "DWCollectionViewDemo" */ = {
			isa = XCConfigurationList;
			buildConfigurations = (
				CFBD7B221F2AE65900D7BBA8 /* Debug */,
				CFBD7B231F2AE65900D7BBA8 /* Release */,
			);
			defaultConfigurationIsVisible = 0;
			defaultConfigurationName = Release;
		};
		CFBD7B241F2AE65900D7BBA8 /* Build configuration list for PBXNativeTarget "DWCollectionViewDemo" */ = {
			isa = XCConfigurationList;
			buildConfigurations = (
				CFBD7B251F2AE65900D7BBA8 /* Debug */,
				CFBD7B261F2AE65900D7BBA8 /* Release */,
			);
			defaultConfigurationIsVisible = 0;
			defaultConfigurationName = Release;
		};
		CFBD7B271F2AE65900D7BBA8 /* Build configuration list for PBXNativeTarget "DWCollectionViewDemoTests" */ = {
			isa = XCConfigurationList;
			buildConfigurations = (
				CFBD7B281F2AE65900D7BBA8 /* Debug */,
				CFBD7B291F2AE65900D7BBA8 /* Release */,
			);
			defaultConfigurationIsVisible = 0;
			defaultConfigurationName = Release;
		};
		CFBD7B801F2AE75E00D7BBA8 /* Build configuration list for PBXNativeTarget "DWCollection" */ = {
			isa = XCConfigurationList;
			buildConfigurations = (
				CFBD7B811F2AE75E00D7BBA8 /* Debug */,
				CFBD7B821F2AE75E00D7BBA8 /* Release */,
			);
			defaultConfigurationIsVisible = 0;
			defaultConfigurationName = Release;
		};
		CFBD7B841F2AE75E00D7BBA8 /* Build configuration list for PBXNativeTarget "DWCollectionTests" */ = {
			isa = XCConfigurationList;
			buildConfigurations = (
				CFBD7B851F2AE75E00D7BBA8 /* Debug */,
				CFBD7B861F2AE75E00D7BBA8 /* Release */,
			);
			defaultConfigurationIsVisible = 0;
			defaultConfigurationName = Release;
		};
/* End XCConfigurationList section */
	};
	rootObject = CFBD7AFA1F2AE65900D7BBA8 /* Project object */;
}
