// !$*UTF8*$!
{
	archiveVersion = 1;
	classes = {
	};
	objectVersion = 46;
	objects = {

/* Begin PBXBuildFile section */
		CFBD7B071F2AE65900D7BBA8 /* main.m in Sources */ = {isa = PBXBuildFile; fileRef = CFBD7B061F2AE65900D7BBA8 /* main.m */; };
		CFBD7B0A1F2AE65900D7BBA8 /* AppDelegate.m in Sources */ = {isa = PBXBuildFile; fileRef = CFBD7B091F2AE65900D7BBA8 /* AppDelegate.m */; };
		CFBD7B0D1F2AE65900D7BBA8 /* ViewController.m in Sources */ = {isa = PBXBuildFile; fileRef = CFBD7B0C1F2AE65900D7BBA8 /* ViewController.m */; };
		CFBD7B101F2AE65900D7BBA8 /* Main.storyboard in Resources */ = {isa = PBXBuildFile; fileRef = CFBD7B0E1F2AE65900D7BBA8 /* Main.storyboard */; };
		CFBD7B121F2AE65900D7BBA8 /* Assets.xcassets in Resources */ = {isa = PBXBuildFile; fileRef = CFBD7B111F2AE65900D7BBA8 /* Assets.xcassets */; };
		CFBD7B151F2AE65900D7BBA8 /* LaunchScreen.storyboard in Resources */ = {isa = PBXBuildFile; fileRef = CFBD7B131F2AE65900D7BBA8 /* LaunchScreen.storyboard */; };
		CFBD7B201F2AE65900D7BBA8 /* DWCollectionViewDemoTests.m in Sources */ = {isa = PBXBuildFile; fileRef = CFBD7B1F1F2AE65900D7BBA8 /* DWCollectionViewDemoTests.m */; };
		CFBD7B5D1F2AE68200D7BBA8 /* DWProtocolMethodImplementation.m in Sources */ = {isa = PBXBuildFile; fileRef = CFBD7B441F2AE68200D7BBA8 /* DWProtocolMethodImplementation.m */; };
		CFBD7B5F1F2AE68200D7BBA8 /* LeagueHeaderReusableView.m in Sources */ = {isa = PBXBuildFile; fileRef = CFBD7B491F2AE68200D7BBA8 /* LeagueHeaderReusableView.m */; };
		CFBD7B601F2AE68200D7BBA8 /* LeagueInfo.m in Sources */ = {isa = PBXBuildFile; fileRef = CFBD7B4B1F2AE68200D7BBA8 /* LeagueInfo.m */; };
		CFBD7B611F2AE68200D7BBA8 /* TeamInfo.m in Sources */ = {isa = PBXBuildFile; fileRef = CFBD7B4D1F2AE68200D7BBA8 /* TeamInfo.m */; };
		CFBD7B621F2AE68200D7BBA8 /* TeamInfoCell.m in Sources */ = {isa = PBXBuildFile; fileRef = CFBD7B4F1F2AE68200D7BBA8 /* TeamInfoCell.m */; };
		CFBD7B631F2AE68200D7BBA8 /* NSObject+MulArgPerformSel.m in Sources */ = {isa = PBXBuildFile; fileRef = CFBD7B521F2AE68200D7BBA8 /* NSObject+MulArgPerformSel.m */; };
		CFBD7B721F2AE75E00D7BBA8 /* DWCollection.framework in Frameworks */ = {isa = PBXBuildFile; fileRef = CFBD7B691F2AE75E00D7BBA8 /* DWCollection.framework */; };
		CFBD7B791F2AE75E00D7BBA8 /* DWCollectionTests.m in Sources */ = {isa = PBXBuildFile; fileRef = CFBD7B781F2AE75E00D7BBA8 /* DWCollectionTests.m */; };
		CFBD7B7B1F2AE75E00D7BBA8 /* DWCollection.h in Headers */ = {isa = PBXBuildFile; fileRef = CFBD7B6B1F2AE75E00D7BBA8 /* DWCollection.h */; settings = {ATTRIBUTES = (Public, ); }; };
		CFBD7B7E1F2AE75E00D7BBA8 /* DWCollection.framework in Frameworks */ = {isa = PBXBuildFile; fileRef = CFBD7B691F2AE75E00D7BBA8 /* DWCollection.framework */; };
		CFBD7B7F1F2AE75E00D7BBA8 /* DWCollection.framework in Embed Frameworks */ = {isa = PBXBuildFile; fileRef = CFBD7B691F2AE75E00D7BBA8 /* DWCollection.framework */; settings = {ATTRIBUTES = (CodeSignOnCopy, RemoveHeadersOnCopy, ); }; };
		CFBD7B871F2AE78A00D7BBA8 /* DWCollectionViewCell.h in Headers */ = {isa = PBXBuildFile; fileRef = CFBD7B2C1F2AE68200D7BBA8 /* DWCollectionViewCell.h */; settings = {ATTRIBUTES = (Public, ); }; };
		CFBD7B881F2AE78A00D7BBA8 /* DWCollectionViewCellProtocol.h in Headers */ = {isa = PBXBuildFile; fileRef = CFBD7B2E1F2AE68200D7BBA8 /* DWCollectionViewCellProtocol.h */; settings = {ATTRIBUTES = (Public, ); }; };
		CFBD7B891F2AE78A00D7BBA8 /* DWFooterCollectionReusableView.h in Headers */ = {isa = PBXBuildFile; fileRef = CFBD7B2F1F2AE68200D7BBA8 /* DWFooterCollectionReusableView.h */; settings = {ATTRIBUTES = (Public, ); }; };
		CFBD7B8A1F2AE78A00D7BBA8 /* DWHeaderCollectionReusableView.h in Headers */ = {isa = PBXBuildFile; fileRef = CFBD7B311F2AE68200D7BBA8 /* DWHeaderCollectionReusableView.h */; settings = {ATTRIBUTES = (Public, ); }; };
		CFBD7B8B1F2AE78A00D7BBA8 /* DWCollectionDelegate.h in Headers */ = {isa = PBXBuildFile; fileRef = CFBD7B341F2AE68200D7BBA8 /* DWCollectionDelegate.h */; settings = {ATTRIBUTES = (Public, ); }; };
		CFBD7B8C1F2AE78A00D7BBA8 /* DWCollectionCellMaker.h in Headers */ = {isa = PBXBuildFile; fileRef = CFBD7B371F2AE68200D7BBA8 /* DWCollectionCellMaker.h */; settings = {ATTRIBUTES = (Public, ); }; };
		CFBD7B8D1F2AE78A00D7BBA8 /* DWCollectionDelegateMaker.h in Headers */ = {isa = PBXBuildFile; fileRef = CFBD7B391F2AE68200D7BBA8 /* DWCollectionDelegateMaker.h */; settings = {ATTRIBUTES = (Public, ); }; };
		CFBD7B8E1F2AE78A00D7BBA8 /* DWCollectionHeaderFooterMaker.h in Headers */ = {isa = PBXBuildFile; fileRef = CFBD7B3B1F2AE68200D7BBA8 /* DWCollectionHeaderFooterMaker.h */; settings = {ATTRIBUTES = (Public, ); }; };
		CFBD7B8F1F2AE78A00D7BBA8 /* DWCollectionView.h in Headers */ = {isa = PBXBuildFile; fileRef = CFBD7B3D1F2AE68200D7BBA8 /* DWCollectionView.h */; settings = {ATTRIBUTES = (Public, ); }; };
		CFBD7B901F2AE78A00D7BBA8 /* DWMapperModel.h in Headers */ = {isa = PBXBuildFile; fileRef = CFBD7B401F2AE68200D7BBA8 /* DWMapperModel.h */; settings = {ATTRIBUTES = (Public, ); }; };
		CFBD7B911F2AE78A00D7BBA8 /* DWProtocolMethodImplementation.h in Headers */ = {isa = PBXBuildFile; fileRef = CFBD7B431F2AE68200D7BBA8 /* DWProtocolMethodImplementation.h */; settings = {ATTRIBUTES = (Public, ); }; };
		CFBD7B921F2AE78A00D7BBA8 /* DWSection.h in Headers */ = {isa = PBXBuildFile; fileRef = CFBD7B451F2AE68200D7BBA8 /* DWSection.h */; settings = {ATTRIBUTES = (Public, ); }; };
		CFBD7B931F2AE78A00D7BBA8 /* NSObject+MulArgPerformSel.h in Headers */ = {isa = PBXBuildFile; fileRef = CFBD7B511F2AE68200D7BBA8 /* NSObject+MulArgPerformSel.h */; settings = {ATTRIBUTES = (Public, ); }; };
		CFBD7BA41F2AE9E800D7BBA8 /* DWCollectionViewCell.m in Sources */ = {isa = PBXBuildFile; fileRef = CFBD7B2D1F2AE68200D7BBA8 /* DWCollectionViewCell.m */; };
		CFBD7BA51F2AE9E800D7BBA8 /* DWFooterCollectionReusableView.m in Sources */ = {isa = PBXBuildFile; fileRef = CFBD7B301F2AE68200D7BBA8 /* DWFooterCollectionReusableView.m */; };
		CFBD7BA61F2AE9E800D7BBA8 /* DWHeaderCollectionReusableView.m in Sources */ = {isa = PBXBuildFile; fileRef = CFBD7B321F2AE68200D7BBA8 /* DWHeaderCollectionReusableView.m */; };
		CFBD7BA71F2AE9E800D7BBA8 /* DWCollectionDelegate.m in Sources */ = {isa = PBXBuildFile; fileRef = CFBD7B351F2AE68200D7BBA8 /* DWCollectionDelegate.m */; };
		CFBD7BA81F2AE9E800D7BBA8 /* DWCollectionCellMaker.m in Sources */ = {isa = PBXBuildFile; fileRef = CFBD7B381F2AE68200D7BBA8 /* DWCollectionCellMaker.m */; };
		CFBD7BA91F2AE9E800D7BBA8 /* DWCollectionDelegateMaker.m in Sources */ = {isa = PBXBuildFile; fileRef = CFBD7B3A1F2AE68200D7BBA8 /* DWCollectionDelegateMaker.m */; };
		CFBD7BAA1F2AE9E800D7BBA8 /* DWCollectionHeaderFooterMaker.m in Sources */ = {isa = PBXBuildFile; fileRef = CFBD7B3C1F2AE68200D7BBA8 /* DWCollectionHeaderFooterMaker.m */; };
		CFBD7BAB1F2AE9E800D7BBA8 /* DWCollectionView.m in Sources */ = {isa = PBXBuildFile; fileRef = CFBD7B3E1F2AE68200D7BBA8 /* DWCollectionView.m */; };
		CFBD7BAC1F2AE9E800D7BBA8 /* DWMapperModel.m in Sources */ = {isa = PBXBuildFile; fileRef = CFBD7B411F2AE68200D7BBA8 /* DWMapperModel.m */; };
		CFBD7BAD1F2AE9E800D7BBA8 /* DWProtocolMethodImplementation.m in Sources */ = {isa = PBXBuildFile; fileRef = CFBD7B441F2AE68200D7BBA8 /* DWProtocolMethodImplementation.m */; };
		CFBD7BAE1F2AE9E800D7BBA8 /* DWSection.m in Sources */ = {isa = PBXBuildFile; fileRef = CFBD7B461F2AE68200D7BBA8 /* DWSection.m */; };
		CFBD7BAF1F2AE9E800D7BBA8 /* NSObject+MulArgPerformSel.m in Sources */ = {isa = PBXBuildFile; fileRef = CFBD7B521F2AE68200D7BBA8 /* NSObject+MulArgPerformSel.m */; };
/* End PBXBuildFile section */

/* Begin PBXContainerItemProxy section */
		CFBD7B1C1F2AE65900D7BBA8 /* PBXContainerItemProxy */ = {
			isa = PBXContainerItemProxy;
			containerPortal = CFBD7AFA1F2AE65900D7BBA8 /* Project object */;
			proxyType = 1;
			remoteGlobalIDString = CFBD7B011F2AE65900D7BBA8;
			remoteInfo = DWCollectionViewDemo;
		};
		CFBD7B731F2AE75E00D7BBA8 /* PBXContainerItemProxy */ = {
			isa = PBXContainerItemProxy;
			containerPortal = CFBD7AFA1F2AE65900D7BBA8 /* Project object */;
			proxyType = 1;
			remoteGlobalIDString = CFBD7B681F2AE75E00D7BBA8;
			remoteInfo = DWCollection;
		};
		CFBD7B751F2AE75E00D7BBA8 /* PBXContainerItemProxy */ = {
			isa = PBXContainerItemProxy;
			containerPortal = CFBD7AFA1F2AE65900D7BBA8 /* Project object */;
			proxyType = 1;
			remoteGlobalIDString = CFBD7B011F2AE65900D7BBA8;
			remoteInfo = DWCollectionViewDemo;
		};
		CFBD7B7C1F2AE75E00D7BBA8 /* PBXContainerItemProxy */ = {
			isa = PBXContainerItemProxy;
			containerPortal = CFBD7AFA1F2AE65900D7BBA8 /* Project object */;
			proxyType = 1;
			remoteGlobalIDString = CFBD7B681F2AE75E00D7BBA8;
			remoteInfo = DWCollection;
		};
/* End PBXContainerItemProxy section */

/* Begin PBXCopyFilesBuildPhase section */
		CFBD7B831F2AE75E00D7BBA8 /* Embed Frameworks */ = {
			isa = PBXCopyFilesBuildPhase;
			buildActionMask = 2147483647;
			dstPath = "";
			dstSubfolderSpec = 10;
			files = (
				CFBD7B7F1F2AE75E00D7BBA8 /* DWCollection.framework in Embed Frameworks */,
			);
			name = "Embed Frameworks";
			runOnlyForDeploymentPostprocessing = 0;
		};
/* End PBXCopyFilesBuildPhase section */

/* Begin PBXFileReference section */
		CFBD7B021F2AE65900D7BBA8 /* DWCollectionViewDemo.app */ = {isa = PBXFileReference; explicitFileType = wrapper.application; includeInIndex = 0; path = DWCollectionViewDemo.app; sourceTree = BUILT_PRODUCTS_DIR; };
		CFBD7B061F2AE65900D7BBA8 /* main.m */ = {isa = PBXFileReference; lastKnownFileType = sourcecode.c.objc; path = main.m; sourceTree = "<group>"; };
		CFBD7B081F2AE65900D7BBA8 /* AppDelegate.h */ = {isa = PBXFileReference; lastKnownFileType = sourcecode.c.h; path = AppDelegate.h; sourceTree = "<group>"; };
		CFBD7B091F2AE65900D7BBA8 /* AppDelegate.m */ = {isa = PBXFileReference; lastKnownFileType = sourcecode.c.objc; path = AppDelegate.m; sourceTree = "<group>"; };
		CFBD7B0B1F2AE65900D7BBA8 /* ViewController.h */ = {isa = PBXFileReference; lastKnownFileType = sourcecode.c.h; path = ViewController.h; sourceTree = "<group>"; };
		CFBD7B0C1F2AE65900D7BBA8 /* ViewController.m */ = {isa = PBXFileReference; lastKnownFileType = sourcecode.c.objc; path = ViewController.m; sourceTree = "<group>"; };
		CFBD7B0F1F2AE65900D7BBA8 /* Base */ = {isa = PBXFileReference; lastKnownFileType = file.storyboard; name = Base; path = Base.lproj/Main.storyboard; sourceTree = "<group>"; };
		CFBD7B111F2AE65900D7BBA8 /* Assets.xcassets */ = {isa = PBXFileReference; lastKnownFileType = folder.assetcatalog; path = Assets.xcassets; sourceTree = "<group>"; };
		CFBD7B141F2AE65900D7BBA8 /* Base */ = {isa = PBXFileReference; lastKnownFileType = file.storyboard; name = Base; path = Base.lproj/LaunchScreen.storyboard; sourceTree = "<group>"; };
		CFBD7B161F2AE65900D7BBA8 /* Info.plist */ = {isa = PBXFileReference; lastKnownFileType = text.plist.xml; path = Info.plist; sourceTree = "<group>"; };
		CFBD7B1B1F2AE65900D7BBA8 /* DWCollectionViewDemoTests.xctest */ = {isa = PBXFileReference; explicitFileType = wrapper.cfbundle; includeInIndex = 0; path = DWCollectionViewDemoTests.xctest; sourceTree = BUILT_PRODUCTS_DIR; };
		CFBD7B1F1F2AE65900D7BBA8 /* DWCollectionViewDemoTests.m */ = {isa = PBXFileReference; lastKnownFileType = sourcecode.c.objc; path = DWCollectionViewDemoTests.m; sourceTree = "<group>"; };
		CFBD7B211F2AE65900D7BBA8 /* Info.plist */ = {isa = PBXFileReference; lastKnownFileType = text.plist.xml; path = Info.plist; sourceTree = "<group>"; };
		CFBD7B2C1F2AE68200D7BBA8 /* DWCollectionViewCell.h */ = {isa = PBXFileReference; fileEncoding = 4; lastKnownFileType = sourcecode.c.h; path = DWCollectionViewCell.h; sourceTree = "<group>"; };
		CFBD7B2D1F2AE68200D7BBA8 /* DWCollectionViewCell.m */ = {isa = PBXFileReference; fileEncoding = 4; lastKnownFileType = sourcecode.c.objc; path = DWCollectionViewCell.m; sourceTree = "<group>"; };
		CFBD7B2E1F2AE68200D7BBA8 /* DWCollectionViewCellProtocol.h */ = {isa = PBXFileReference; fileEncoding = 4; lastKnownFileType = sourcecode.c.h; path = DWCollectionViewCellProtocol.h; sourceTree = "<group>"; };
		CFBD7B2F1F2AE68200D7BBA8 /* DWFooterCollectionReusableView.h */ = {isa = PBXFileReference; fileEncoding = 4; lastKnownFileType = sourcecode.c.h; path = DWFooterCollectionReusableView.h; sourceTree = "<group>"; };
		CFBD7B301F2AE68200D7BBA8 /* DWFooterCollectionReusableView.m */ = {isa = PBXFileReference; fileEncoding = 4; lastKnownFileType = sourcecode.c.objc; path = DWFooterCollectionReusableView.m; sourceTree = "<group>"; };
		CFBD7B311F2AE68200D7BBA8 /* DWHeaderCollectionReusableView.h */ = {isa = PBXFileReference; fileEncoding = 4; lastKnownFileType = sourcecode.c.h; path = DWHeaderCollectionReusableView.h; sourceTree = "<group>"; };
		CFBD7B321F2AE68200D7BBA8 /* DWHeaderCollectionReusableView.m */ = {isa = PBXFileReference; fileEncoding = 4; lastKnownFileType = sourcecode.c.objc; path = DWHeaderCollectionReusableView.m; sourceTree = "<group>"; };
		CFBD7B341F2AE68200D7BBA8 /* DWCollectionDelegate.h */ = {isa = PBXFileReference; fileEncoding = 4; lastKnownFileType = sourcecode.c.h; path = DWCollectionDelegate.h; sourceTree = "<group>"; };
		CFBD7B351F2AE68200D7BBA8 /* DWCollectionDelegate.m */ = {isa = PBXFileReference; fileEncoding = 4; lastKnownFileType = sourcecode.c.objc; path = DWCollectionDelegate.m; sourceTree = "<group>"; };
		CFBD7B371F2AE68200D7BBA8 /* DWCollectionCellMaker.h */ = {isa = PBXFileReference; fileEncoding = 4; lastKnownFileType = sourcecode.c.h; path = DWCollectionCellMaker.h; sourceTree = "<group>"; };
		CFBD7B381F2AE68200D7BBA8 /* DWCollectionCellMaker.m */ = {isa = PBXFileReference; fileEncoding = 4; lastKnownFileType = sourcecode.c.objc; path = DWCollectionCellMaker.m; sourceTree = "<group>"; };
		CFBD7B391F2AE68200D7BBA8 /* DWCollectionDelegateMaker.h */ = {isa = PBXFileReference; fileEncoding = 4; lastKnownFileType = sourcecode.c.h; path = DWCollectionDelegateMaker.h; sourceTree = "<group>"; };
		CFBD7B3A1F2AE68200D7BBA8 /* DWCollectionDelegateMaker.m */ = {isa = PBXFileReference; fileEncoding = 4; lastKnownFileType = sourcecode.c.objc; path = DWCollectionDelegateMaker.m; sourceTree = "<group>"; };
		CFBD7B3B1F2AE68200D7BBA8 /* DWCollectionHeaderFooterMaker.h */ = {isa = PBXFileReference; fileEncoding = 4; lastKnownFileType = sourcecode.c.h; path = DWCollectionHeaderFooterMaker.h; sourceTree = "<group>"; };
		CFBD7B3C1F2AE68200D7BBA8 /* DWCollectionHeaderFooterMaker.m */ = {isa = PBXFileReference; fileEncoding = 4; lastKnownFileType = sourcecode.c.objc; path = DWCollectionHeaderFooterMaker.m; sourceTree = "<group>"; };
		CFBD7B3D1F2AE68200D7BBA8 /* DWCollectionView.h */ = {isa = PBXFileReference; fileEncoding = 4; lastKnownFileType = sourcecode.c.h; path = DWCollectionView.h; sourceTree = "<group>"; };
		CFBD7B3E1F2AE68200D7BBA8 /* DWCollectionView.m */ = {isa = PBXFileReference; fileEncoding = 4; lastKnownFileType = sourcecode.c.objc; path = DWCollectionView.m; sourceTree = "<group>"; };
		CFBD7B401F2AE68200D7BBA8 /* DWMapperModel.h */ = {isa = PBXFileReference; fileEncoding = 4; lastKnownFileType = sourcecode.c.h; path = DWMapperModel.h; sourceTree = "<group>"; };
		CFBD7B411F2AE68200D7BBA8 /* DWMapperModel.m */ = {isa = PBXFileReference; fileEncoding = 4; lastKnownFileType = sourcecode.c.objc; path = DWMapperModel.m; sourceTree = "<group>"; };
		CFBD7B431F2AE68200D7BBA8 /* DWProtocolMethodImplementation.h */ = {isa = PBXFileReference; fileEncoding = 4; lastKnownFileType = sourcecode.c.h; path = DWProtocolMethodImplementation.h; sourceTree = "<group>"; };
		CFBD7B441F2AE68200D7BBA8 /* DWProtocolMethodImplementation.m */ = {isa = PBXFileReference; fileEncoding = 4; lastKnownFileType = sourcecode.c.objc; path = DWProtocolMethodImplementation.m; sourceTree = "<group>"; };
		CFBD7B451F2AE68200D7BBA8 /* DWSection.h */ = {isa = PBXFileReference; fileEncoding = 4; lastKnownFileType = sourcecode.c.h; path = DWSection.h; sourceTree = "<group>"; };
		CFBD7B461F2AE68200D7BBA8 /* DWSection.m */ = {isa = PBXFileReference; fileEncoding = 4; lastKnownFileType = sourcecode.c.objc; path = DWSection.m; sourceTree = "<group>"; };
		CFBD7B481F2AE68200D7BBA8 /* LeagueHeaderReusableView.h */ = {isa = PBXFileReference; fileEncoding = 4; lastKnownFileType = sourcecode.c.h; path = LeagueHeaderReusableView.h; sourceTree = "<group>"; };
		CFBD7B491F2AE68200D7BBA8 /* LeagueHeaderReusableView.m */ = {isa = PBXFileReference; fileEncoding = 4; lastKnownFileType = sourcecode.c.objc; path = LeagueHeaderReusableView.m; sourceTree = "<group>"; };
		CFBD7B4A1F2AE68200D7BBA8 /* LeagueInfo.h */ = {isa = PBXFileReference; fileEncoding = 4; lastKnownFileType = sourcecode.c.h; path = LeagueInfo.h; sourceTree = "<group>"; };
		CFBD7B4B1F2AE68200D7BBA8 /* LeagueInfo.m */ = {isa = PBXFileReference; fileEncoding = 4; lastKnownFileType = sourcecode.c.objc; path = LeagueInfo.m; sourceTree = "<group>"; };
		CFBD7B4C1F2AE68200D7BBA8 /* TeamInfo.h */ = {isa = PBXFileReference; fileEncoding = 4; lastKnownFileType = sourcecode.c.h; path = TeamInfo.h; sourceTree = "<group>"; };
		CFBD7B4D1F2AE68200D7BBA8 /* TeamInfo.m */ = {isa = PBXFileReference; fileEncoding = 4; lastKnownFileType = sourcecode.c.objc; path = TeamInfo.m; sourceTree = "<group>"; };
		CFBD7B4E1F2AE68200D7BBA8 /* TeamInfoCell.h */ = {isa = PBXFileReference; fileEncoding = 4; lastKnownFileType = sourcecode.c.h; path = TeamInfoCell.h; sourceTree = "<group>"; };
		CFBD7B4F1F2AE68200D7BBA8 /* TeamInfoCell.m */ = {isa = PBXFileReference; fileEncoding = 4; lastKnownFileType = sourcecode.c.objc; path = TeamInfoCell.m; sourceTree = "<group>"; };
		CFBD7B511F2AE68200D7BBA8 /* NSObject+MulArgPerformSel.h */ = {isa = PBXFileReference; fileEncoding = 4; lastKnownFileType = sourcecode.c.h; path = "NSObject+MulArgPerformSel.h"; sourceTree = "<group>"; };
		CFBD7B521F2AE68200D7BBA8 /* NSObject+MulArgPerformSel.m */ = {isa = PBXFileReference; fileEncoding = 4; lastKnownFileType = sourcecode.c.objc; path = "NSObject+MulArgPerformSel.m"; sourceTree = "<group>"; };
		CFBD7B691F2AE75E00D7BBA8 /* DWCollection.framework */ = {isa = PBXFileReference; explicitFileType = wrapper.framework; includeInIndex = 0; path = DWCollection.framework; sourceTree = BUILT_PRODUCTS_DIR; };
		CFBD7B6B1F2AE75E00D7BBA8 /* DWCollection.h */ = {isa = PBXFileReference; lastKnownFileType = sourcecode.c.h; path = DWCollection.h; sourceTree = "<group>"; };
		CFBD7B6C1F2AE75E00D7BBA8 /* Info.plist */ = {isa = PBXFileReference; lastKnownFileType = text.plist.xml; path = Info.plist; sourceTree = "<group>"; };
		CFBD7B711F2AE75E00D7BBA8 /* DWCollectionTests.xctest */ = {isa = PBXFileReference; explicitFileType = wrapper.cfbundle; includeInIndex = 0; path = DWCollectionTests.xctest; sourceTree = BUILT_PRODUCTS_DIR; };
		CFBD7B781F2AE75E00D7BBA8 /* DWCollectionTests.m */ = {isa = PBXFileReference; lastKnownFileType = sourcecode.c.objc; path = DWCollectionTests.m; sourceTree = "<group>"; };
		CFBD7B7A1F2AE75E00D7BBA8 /* Info.plist */ = {isa = PBXFileReference; lastKnownFileType = text.plist.xml; path = Info.plist; sourceTree = "<group>"; };
/* End PBXFileReference section */

/* Begin PBXFrameworksBuildPhase section */
		CFBD7AFF1F2AE65900D7BBA8 /* Frameworks */ = {
			isa = PBXFrameworksBuildPhase;
			buildActionMask = 2147483647;
			files = (
				CFBD7B7E1F2AE75E00D7BBA8 /* DWCollection.framework in Frameworks */,
			);
			runOnlyForDeploymentPostprocessing = 0;
		};
		CFBD7B181F2AE65900D7BBA8 /* Frameworks */ = {
			isa = PBXFrameworksBuildPhase;
			buildActionMask = 2147483647;
			files = (
			);
			runOnlyForDeploymentPostprocessing = 0;
		};
		CFBD7B651F2AE75E00D7BBA8 /* Frameworks */ = {
			isa = PBXFrameworksBuildPhase;
			buildActionMask = 2147483647;
			files = (
			);
			runOnlyForDeploymentPostprocessing = 0;
		};
		CFBD7B6E1F2AE75E00D7BBA8 /* Frameworks */ = {
			isa = PBXFrameworksBuildPhase;
			buildActionMask = 2147483647;
			files = (
				CFBD7B721F2AE75E00D7BBA8 /* DWCollection.framework in Frameworks */,
			);
			runOnlyForDeploymentPostprocessing = 0;
		};
/* End PBXFrameworksBuildPhase section */

/* Begin PBXGroup section */
		CFBD7AF91F2AE65900D7BBA8 = {
			isa = PBXGroup;
			children = (
				CFBD7B041F2AE65900D7BBA8 /* DWCollectionViewDemo */,
				CFBD7B1E1F2AE65900D7BBA8 /* DWCollectionViewDemoTests */,
				CFBD7B6A1F2AE75E00D7BBA8 /* DWCollection */,
				CFBD7B771F2AE75E00D7BBA8 /* DWCollectionTests */,
				CFBD7B031F2AE65900D7BBA8 /* Products */,
			);
			sourceTree = "<group>";
		};
		CFBD7B031F2AE65900D7BBA8 /* Products */ = {
			isa = PBXGroup;
			children = (
				CFBD7B021F2AE65900D7BBA8 /* DWCollectionViewDemo.app */,
				CFBD7B1B1F2AE65900D7BBA8 /* DWCollectionViewDemoTests.xctest */,
				CFBD7B691F2AE75E00D7BBA8 /* DWCollection.framework */,
				CFBD7B711F2AE75E00D7BBA8 /* DWCollectionTests.xctest */,
			);
			name = Products;
			sourceTree = "<group>";
		};
		CFBD7B041F2AE65900D7BBA8 /* DWCollectionViewDemo */ = {
			isa = PBXGroup;
			children = (
				CFBD7B081F2AE65900D7BBA8 /* AppDelegate.h */,
				CFBD7B091F2AE65900D7BBA8 /* AppDelegate.m */,
				CFBD7B0B1F2AE65900D7BBA8 /* ViewController.h */,
				CFBD7B0C1F2AE65900D7BBA8 /* ViewController.m */,
				CFBD7B471F2AE68200D7BBA8 /* EgModelCell */,
				CFBD7B0E1F2AE65900D7BBA8 /* Main.storyboard */,
				CFBD7B2A1F2AE68200D7BBA8 /* DWCollectionView */,
				CFBD7B501F2AE68200D7BBA8 /* NSObjectExtention */,
				CFBD7B111F2AE65900D7BBA8 /* Assets.xcassets */,
				CFBD7B131F2AE65900D7BBA8 /* LaunchScreen.storyboard */,
				CFBD7B161F2AE65900D7BBA8 /* Info.plist */,
				CFBD7B051F2AE65900D7BBA8 /* Supporting Files */,
			);
			path = DWCollectionViewDemo;
			sourceTree = "<group>";
		};
		CFBD7B051F2AE65900D7BBA8 /* Supporting Files */ = {
			isa = PBXGroup;
			children = (
				CFBD7B061F2AE65900D7BBA8 /* main.m */,
			);
			name = "Supporting Files";
			sourceTree = "<group>";
		};
		CFBD7B1E1F2AE65900D7BBA8 /* DWCollectionViewDemoTests */ = {
			isa = PBXGroup;
			children = (
				CFBD7B1F1F2AE65900D7BBA8 /* DWCollectionViewDemoTests.m */,
				CFBD7B211F2AE65900D7BBA8 /* Info.plist */,
			);
			path = DWCollectionViewDemoTests;
			sourceTree = "<group>";
		};
		CFBD7B2A1F2AE68200D7BBA8 /* DWCollectionView */ = {
			isa = PBXGroup;
			children = (
				CFBD7B3D1F2AE68200D7BBA8 /* DWCollectionView.h */,
				CFBD7B3E1F2AE68200D7BBA8 /* DWCollectionView.m */,
				CFBD7B451F2AE68200D7BBA8 /* DWSection.h */,
				CFBD7B461F2AE68200D7BBA8 /* DWSection.m */,
				CFBD7B2B1F2AE68200D7BBA8 /* DWCollectionCell */,
				CFBD7B331F2AE68200D7BBA8 /* DWCollectionDelegate */,
				CFBD7B361F2AE68200D7BBA8 /* DWCollectionMaker */,
				CFBD7B3F1F2AE68200D7BBA8 /* DWMapperModel */,
				CFBD7B421F2AE68200D7BBA8 /* DWProtocolImplementation */,
			);
			path = DWCollectionView;
			sourceTree = "<group>";
		};
		CFBD7B2B1F2AE68200D7BBA8 /* DWCollectionCell */ = {
			isa = PBXGroup;
			children = (
				CFBD7B2C1F2AE68200D7BBA8 /* DWCollectionViewCell.h */,
				CFBD7B2D1F2AE68200D7BBA8 /* DWCollectionViewCell.m */,
				CFBD7B2E1F2AE68200D7BBA8 /* DWCollectionViewCellProtocol.h */,
				CFBD7B2F1F2AE68200D7BBA8 /* DWFooterCollectionReusableView.h */,
				CFBD7B301F2AE68200D7BBA8 /* DWFooterCollectionReusableView.m */,
				CFBD7B311F2AE68200D7BBA8 /* DWHeaderCollectionReusableView.h */,
				CFBD7B321F2AE68200D7BBA8 /* DWHeaderCollectionReusableView.m */,
			);
			path = DWCollectionCell;
			sourceTree = "<group>";
		};
		CFBD7B331F2AE68200D7BBA8 /* DWCollectionDelegate */ = {
			isa = PBXGroup;
			children = (
				CFBD7B341F2AE68200D7BBA8 /* DWCollectionDelegate.h */,
				CFBD7B351F2AE68200D7BBA8 /* DWCollectionDelegate.m */,
			);
			path = DWCollectionDelegate;
			sourceTree = "<group>";
		};
		CFBD7B361F2AE68200D7BBA8 /* DWCollectionMaker */ = {
			isa = PBXGroup;
			children = (
				CFBD7B371F2AE68200D7BBA8 /* DWCollectionCellMaker.h */,
				CFBD7B381F2AE68200D7BBA8 /* DWCollectionCellMaker.m */,
				CFBD7B391F2AE68200D7BBA8 /* DWCollectionDelegateMaker.h */,
				CFBD7B3A1F2AE68200D7BBA8 /* DWCollectionDelegateMaker.m */,
				CFBD7B3B1F2AE68200D7BBA8 /* DWCollectionHeaderFooterMaker.h */,
				CFBD7B3C1F2AE68200D7BBA8 /* DWCollectionHeaderFooterMaker.m */,
			);
			path = DWCollectionMaker;
			sourceTree = "<group>";
		};
		CFBD7B3F1F2AE68200D7BBA8 /* DWMapperModel */ = {
			isa = PBXGroup;
			children = (
				CFBD7B401F2AE68200D7BBA8 /* DWMapperModel.h */,
				CFBD7B411F2AE68200D7BBA8 /* DWMapperModel.m */,
			);
			path = DWMapperModel;
			sourceTree = "<group>";
		};
		CFBD7B421F2AE68200D7BBA8 /* DWProtocolImplementation */ = {
			isa = PBXGroup;
			children = (
				CFBD7B431F2AE68200D7BBA8 /* DWProtocolMethodImplementation.h */,
				CFBD7B441F2AE68200D7BBA8 /* DWProtocolMethodImplementation.m */,
			);
			path = DWProtocolImplementation;
			sourceTree = "<group>";
		};
		CFBD7B471F2AE68200D7BBA8 /* EgModelCell */ = {
			isa = PBXGroup;
			children = (
				CFBD7B481F2AE68200D7BBA8 /* LeagueHeaderReusableView.h */,
				CFBD7B491F2AE68200D7BBA8 /* LeagueHeaderReusableView.m */,
				CFBD7B4A1F2AE68200D7BBA8 /* LeagueInfo.h */,
				CFBD7B4B1F2AE68200D7BBA8 /* LeagueInfo.m */,
				CFBD7B4C1F2AE68200D7BBA8 /* TeamInfo.h */,
				CFBD7B4D1F2AE68200D7BBA8 /* TeamInfo.m */,
				CFBD7B4E1F2AE68200D7BBA8 /* TeamInfoCell.h */,
				CFBD7B4F1F2AE68200D7BBA8 /* TeamInfoCell.m */,
			);
			path = EgModelCell;
			sourceTree = "<group>";
		};
		CFBD7B501F2AE68200D7BBA8 /* NSObjectExtention */ = {
			isa = PBXGroup;
			children = (
				CFBD7B511F2AE68200D7BBA8 /* NSObject+MulArgPerformSel.h */,
				CFBD7B521F2AE68200D7BBA8 /* NSObject+MulArgPerformSel.m */,
			);
			path = NSObjectExtention;
			sourceTree = "<group>";
		};
		CFBD7B6A1F2AE75E00D7BBA8 /* DWCollection */ = {
			isa = PBXGroup;
			children = (
				CFBD7B6B1F2AE75E00D7BBA8 /* DWCollection.h */,
				CFBD7B6C1F2AE75E00D7BBA8 /* Info.plist */,
			);
			path = DWCollection;
			sourceTree = "<group>";
		};
		CFBD7B771F2AE75E00D7BBA8 /* DWCollectionTests */ = {
			isa = PBXGroup;
			children = (
				CFBD7B781F2AE75E00D7BBA8 /* DWCollectionTests.m */,
				CFBD7B7A1F2AE75E00D7BBA8 /* Info.plist */,
			);
			path = DWCollectionTests;
			sourceTree = "<group>";
		};
/* End PBXGroup section */

/* Begin PBXHeadersBuildPhase section */
		CFBD7B661F2AE75E00D7BBA8 /* Headers */ = {
			isa = PBXHeadersBuildPhase;
			buildActionMask = 2147483647;
			files = (
				CFBD7B7B1F2AE75E00D7BBA8 /* DWCollection.h in Headers */,
				CFBD7B871F2AE78A00D7BBA8 /* DWCollectionViewCell.h in Headers */,
				CFBD7B881F2AE78A00D7BBA8 /* DWCollectionViewCellProtocol.h in Headers */,
				CFBD7B891F2AE78A00D7BBA8 /* DWFooterCollectionReusableView.h in Headers */,
				CFBD7B8A1F2AE78A00D7BBA8 /* DWHeaderCollectionReusableView.h in Headers */,
				CFBD7B8B1F2AE78A00D7BBA8 /* DWCollectionDelegate.h in Headers */,
				CFBD7B8C1F2AE78A00D7BBA8 /* DWCollectionCellMaker.h in Headers */,
				CFBD7B8D1F2AE78A00D7BBA8 /* DWCollectionDelegateMaker.h in Headers */,
				CFBD7B8E1F2AE78A00D7BBA8 /* DWCollectionHeaderFooterMaker.h in Headers */,
				CFBD7B8F1F2AE78A00D7BBA8 /* DWCollectionView.h in Headers */,
				CFBD7B901F2AE78A00D7BBA8 /* DWMapperModel.h in Headers */,
				CFBD7B911F2AE78A00D7BBA8 /* DWProtocolMethodImplementation.h in Headers */,
				CFBD7B921F2AE78A00D7BBA8 /* DWSection.h in Headers */,
				CFBD7B931F2AE78A00D7BBA8 /* NSObject+MulArgPerformSel.h in Headers */,
			);
			runOnlyForDeploymentPostprocessing = 0;
		};
/* End PBXHeadersBuildPhase section */

/* Begin PBXNativeTarget section */
		CFBD7B011F2AE65900D7BBA8 /* DWCollectionViewDemo */ = {
			isa = PBXNativeTarget;
			buildConfigurationList = CFBD7B241F2AE65900D7BBA8 /* Build configuration list for PBXNativeTarget "DWCollectionViewDemo" */;
			buildPhases = (
				CFBD7AFE1F2AE65900D7BBA8 /* Sources */,
				CFBD7AFF1F2AE65900D7BBA8 /* Frameworks */,
				CFBD7B001F2AE65900D7BBA8 /* Resources */,
				CFBD7B831F2AE75E00D7BBA8 /* Embed Frameworks */,
			);
			buildRules = (
			);
			dependencies = (
				CFBD7B7D1F2AE75E00D7BBA8 /* PBXTargetDependency */,
			);
			name = DWCollectionViewDemo;
			productName = DWCollectionViewDemo;
			productReference = CFBD7B021F2AE65900D7BBA8 /* DWCollectionViewDemo.app */;
			productType = "com.apple.product-type.application";
		};
		CFBD7B1A1F2AE65900D7BBA8 /* DWCollectionViewDemoTests */ = {
			isa = PBXNativeTarget;
			buildConfigurationList = CFBD7B271F2AE65900D7BBA8 /* Build configuration list for PBXNativeTarget "DWCollectionViewDemoTests" */;
			buildPhases = (
				CFBD7B171F2AE65900D7BBA8 /* Sources */,
				CFBD7B181F2AE65900D7BBA8 /* Frameworks */,
				CFBD7B191F2AE65900D7BBA8 /* Resources */,
			);
			buildRules = (
			);
			dependencies = (
				CFBD7B1D1F2AE65900D7BBA8 /* PBXTargetDependency */,
			);
			name = DWCollectionViewDemoTests;
			productName = DWCollectionViewDemoTests;
			productReference = CFBD7B1B1F2AE65900D7BBA8 /* DWCollectionViewDemoTests.xctest */;
			productType = "com.apple.product-type.bundle.unit-test";
		};
		CFBD7B681F2AE75E00D7BBA8 /* DWCollection */ = {
			isa = PBXNativeTarget;
			buildConfigurationList = CFBD7B801F2AE75E00D7BBA8 /* Build configuration list for PBXNativeTarget "DWCollection" */;
			buildPhases = (
				CFBD7B641F2AE75E00D7BBA8 /* Sources */,
				CFBD7B651F2AE75E00D7BBA8 /* Frameworks */,
				CFBD7B661F2AE75E00D7BBA8 /* Headers */,
				CFBD7B671F2AE75E00D7BBA8 /* Resources */,
			);
			buildRules = (
			);
			dependencies = (
			);
			name = DWCollection;
			productName = DWCollection;
			productReference = CFBD7B691F2AE75E00D7BBA8 /* DWCollection.framework */;
			productType = "com.apple.product-type.framework";
		};
		CFBD7B701F2AE75E00D7BBA8 /* DWCollectionTests */ = {
			isa = PBXNativeTarget;
			buildConfigurationList = CFBD7B841F2AE75E00D7BBA8 /* Build configuration list for PBXNativeTarget "DWCollectionTests" */;
			buildPhases = (
				CFBD7B6D1F2AE75E00D7BBA8 /* Sources */,
				CFBD7B6E1F2AE75E00D7BBA8 /* Frameworks */,
				CFBD7B6F1F2AE75E00D7BBA8 /* Resources */,
			);
			buildRules = (
			);
			dependencies = (
				CFBD7B741F2AE75E00D7BBA8 /* PBXTargetDependency */,
				CFBD7B761F2AE75E00D7BBA8 /* PBXTargetDependency */,
			);
			name = DWCollectionTests;
			productName = DWCollectionTests;
			productReference = CFBD7B711F2AE75E00D7BBA8 /* DWCollectionTests.xctest */;
			productType = "com.apple.product-type.bundle.unit-test";
		};
/* End PBXNativeTarget section */

/* Begin PBXProject section */
		CFBD7AFA1F2AE65900D7BBA8 /* Project object */ = {
			isa = PBXProject;
			attributes = {
				LastUpgradeCheck = 0830;
				ORGANIZATIONNAME = "Dawn Wang";
				TargetAttributes = {
					CFBD7B011F2AE65900D7BBA8 = {
						CreatedOnToolsVersion = 8.3.2;
						ProvisioningStyle = Automatic;
					};
					CFBD7B1A1F2AE65900D7BBA8 = {
						CreatedOnToolsVersion = 8.3.2;
						ProvisioningStyle = Automatic;
						TestTargetID = CFBD7B011F2AE65900D7BBA8;
					};
					CFBD7B681F2AE75E00D7BBA8 = {
						CreatedOnToolsVersion = 8.3.2;
						ProvisioningStyle = Automatic;
					};
					CFBD7B701F2AE75E00D7BBA8 = {
						CreatedOnToolsVersion = 8.3.2;
						ProvisioningStyle = Automatic;
						TestTargetID = CFBD7B011F2AE65900D7BBA8;
					};
				};
			};
			buildConfigurationList = CFBD7AFD1F2AE65900D7BBA8 /* Build configuration list for PBXProject "DWCollectionViewDemo" */;
			compatibilityVersion = "Xcode 3.2";
			developmentRegion = English;
			hasScannedForEncodings = 0;
			knownRegions = (
				en,
				Base,
			);
			mainGroup = CFBD7AF91F2AE65900D7BBA8;
			productRefGroup = CFBD7B031F2AE65900D7BBA8 /* Products */;
			projectDirPath = "";
			projectRoot = "";
			targets = (
				CFBD7B011F2AE65900D7BBA8 /* DWCollectionViewDemo */,
				CFBD7B1A1F2AE65900D7BBA8 /* DWCollectionViewDemoTests */,
				CFBD7B681F2AE75E00D7BBA8 /* DWCollection */,
				CFBD7B701F2AE75E00D7BBA8 /* DWCollectionTests */,
			);
		};
/* End PBXProject section */

/* Begin PBXResourcesBuildPhase section */
		CFBD7B001F2AE65900D7BBA8 /* Resources */ = {
			isa = PBXResourcesBuildPhase;
			buildActionMask = 2147483647;
			files = (
				CFBD7B151F2AE65900D7BBA8 /* LaunchScreen.storyboard in Resources */,
				CFBD7B121F2AE65900D7BBA8 /* Assets.xcassets in Resources */,
				CFBD7B101F2AE65900D7BBA8 /* Main.storyboard in Resources */,
			);
			runOnlyForDeploymentPostprocessing = 0;
		};
		CFBD7B191F2AE65900D7BBA8 /* Resources */ = {
			isa = PBXResourcesBuildPhase;
			buildActionMask = 2147483647;
			files = (
			);
			runOnlyForDeploymentPostprocessing = 0;
		};
		CFBD7B671F2AE75E00D7BBA8 /* Resources */ = {
			isa = PBXResourcesBuildPhase;
			buildActionMask = 2147483647;
			files = (
			);
			runOnlyForDeploymentPostprocessing = 0;
		};
		CFBD7B6F1F2AE75E00D7BBA8 /* Resources */ = {
			isa = PBXResourcesBuildPhase;
			buildActionMask = 2147483647;
			files = (
			);
			runOnlyForDeploymentPostprocessing = 0;
		};
/* End PBXResourcesBuildPhase section */

/* Begin PBXSourcesBuildPhase section */
		CFBD7AFE1F2AE65900D7BBA8 /* Sources */ = {
			isa = PBXSourcesBuildPhase;
			buildActionMask = 2147483647;
			files = (
				CFBD7B5D1F2AE68200D7BBA8 /* DWProtocolMethodImplementation.m in Sources */,
				CFBD7B631F2AE68200D7BBA8 /* NSObject+MulArgPerformSel.m in Sources */,
				CFBD7B611F2AE68200D7BBA8 /* TeamInfo.m in Sources */,
				CFBD7B0D1F2AE65900D7BBA8 /* ViewController.m in Sources */,
				CFBD7B621F2AE68200D7BBA8 /* TeamInfoCell.m in Sources */,
				CFBD7B601F2AE68200D7BBA8 /* LeagueInfo.m in Sources */,
				CFBD7B0A1F2AE65900D7BBA8 /* AppDelegate.m in Sources */,
				CFBD7B5F1F2AE68200D7BBA8 /* LeagueHeaderReusableView.m in Sources */,
				CFBD7B071F2AE65900D7BBA8 /* main.m in Sources */,
			);
			runOnlyForDeploymentPostprocessing = 0;
		};
		CFBD7B171F2AE65900D7BBA8 /* Sources */ = {
			isa = PBXSourcesBuildPhase;
			buildActionMask = 2147483647;
			files = (
				CFBD7B201F2AE65900D7BBA8 /* DWCollectionViewDemoTests.m in Sources */,
			);
			runOnlyForDeploymentPostprocessing = 0;
		};
		CFBD7B641F2AE75E00D7BBA8 /* Sources */ = {
			isa = PBXSourcesBuildPhase;
			buildActionMask = 2147483647;
			files = (
				CFBD7BA41F2AE9E800D7BBA8 /* DWCollectionViewCell.m in Sources */,
				CFBD7BA51F2AE9E800D7BBA8 /* DWFooterCollectionReusableView.m in Sources */,
				CFBD7BA61F2AE9E800D7BBA8 /* DWHeaderCollectionReusableView.m in Sources */,
				CFBD7BA71F2AE9E800D7BBA8 /* DWCollectionDelegate.m in Sources */,
				CFBD7BA81F2AE9E800D7BBA8 /* DWCollectionCellMaker.m in Sources */,
				CFBD7BA91F2AE9E800D7BBA8 /* DWCollectionDelegateMaker.m in Sources */,
				CFBD7BAA1F2AE9E800D7BBA8 /* DWCollectionHeaderFooterMaker.m in Sources */,
				CFBD7BAB1F2AE9E800D7BBA8 /* DWCollectionView.m in Sources */,
				CFBD7BAC1F2AE9E800D7BBA8 /* DWMapperModel.m in Sources */,
				CFBD7BAD1F2AE9E800D7BBA8 /* DWProtocolMethodImplementation.m in Sources */,
				CFBD7BAE1F2AE9E800D7BBA8 /* DWSection.m in Sources */,
				CFBD7BAF1F2AE9E800D7BBA8 /* NSObject+MulArgPerformSel.m in Sources */,
			);
			runOnlyForDeploymentPostprocessing = 0;
		};
		CFBD7B6D1F2AE75E00D7BBA8 /* Sources */ = {
			isa = PBXSourcesBuildPhase;
			buildActionMask = 2147483647;
			files = (
				CFBD7B791F2AE75E00D7BBA8 /* DWCollectionTests.m in Sources */,
			);
			runOnlyForDeploymentPostprocessing = 0;
		};
/* End PBXSourcesBuildPhase section */

/* Begin PBXTargetDependency section */
		CFBD7B1D1F2AE65900D7BBA8 /* PBXTargetDependency */ = {
			isa = PBXTargetDependency;
			target = CFBD7B011F2AE65900D7BBA8 /* DWCollectionViewDemo */;
			targetProxy = CFBD7B1C1F2AE65900D7BBA8 /* PBXContainerItemProxy */;
		};
		CFBD7B741F2AE75E00D7BBA8 /* PBXTargetDependency */ = {
			isa = PBXTargetDependency;
			target = CFBD7B681F2AE75E00D7BBA8 /* DWCollection */;
			targetProxy = CFBD7B731F2AE75E00D7BBA8 /* PBXContainerItemProxy */;
		};
		CFBD7B761F2AE75E00D7BBA8 /* PBXTargetDependency */ = {
			isa = PBXTargetDependency;
			target = CFBD7B011F2AE65900D7BBA8 /* DWCollectionViewDemo */;
			targetProxy = CFBD7B751F2AE75E00D7BBA8 /* PBXContainerItemProxy */;
		};
		CFBD7B7D1F2AE75E00D7BBA8 /* PBXTargetDependency */ = {
			isa = PBXTargetDependency;
			target = CFBD7B681F2AE75E00D7BBA8 /* DWCollection */;
			targetProxy = CFBD7B7C1F2AE75E00D7BBA8 /* PBXContainerItemProxy */;
		};
/* End PBXTargetDependency section */

/* Begin PBXVariantGroup section */
		CFBD7B0E1F2AE65900D7BBA8 /* Main.storyboard */ = {
			isa = PBXVariantGroup;
			children = (
				CFBD7B0F1F2AE65900D7BBA8 /* Base */,
			);
			name = Main.storyboard;
			sourceTree = "<group>";
		};
		CFBD7B131F2AE65900D7BBA8 /* LaunchScreen.storyboard */ = {
			isa = PBXVariantGroup;
			children = (
				CFBD7B141F2AE65900D7BBA8 /* Base */,
			);
			name = LaunchScreen.storyboard;
			sourceTree = "<group>";
		};
/* End PBXVariantGroup section */

/* Begin XCBuildConfiguration section */
		CFBD7B221F2AE65900D7BBA8 /* Debug */ = {
			isa = XCBuildConfiguration;
			buildSettings = {
				ALWAYS_SEARCH_USER_PATHS = NO;
				CLANG_ANALYZER_NONNULL = YES;
				CLANG_ANALYZER_NUMBER_OBJECT_CONVERSION = YES_AGGRESSIVE;
				CLANG_CXX_LANGUAGE_STANDARD = "gnu++0x";
				CLANG_CXX_LIBRARY = "libc++";
				CLANG_ENABLE_MODULES = YES;
				CLANG_ENABLE_OBJC_ARC = YES;
				CLANG_WARN_BOOL_CONVERSION = YES;
				CLANG_WARN_CONSTANT_CONVERSION = YES;
				CLANG_WARN_DIRECT_OBJC_ISA_USAGE = YES_ERROR;
				CLANG_WARN_DOCUMENTATION_COMMENTS = YES;
				CLANG_WARN_EMPTY_BODY = YES;
				CLANG_WARN_ENUM_CONVERSION = YES;
				CLANG_WARN_INFINITE_RECURSION = YES;
				CLANG_WARN_INT_CONVERSION = YES;
				CLANG_WARN_OBJC_ROOT_CLASS = YES_ERROR;
				CLANG_WARN_SUSPICIOUS_MOVE = YES;
				CLANG_WARN_UNREACHABLE_CODE = YES;
				CLANG_WARN__DUPLICATE_METHOD_MATCH = YES;
				"CODE_SIGN_IDENTITY[sdk=iphoneos*]" = "iPhone Developer";
				COPY_PHASE_STRIP = NO;
				DEBUG_INFORMATION_FORMAT = dwarf;
				ENABLE_STRICT_OBJC_MSGSEND = YES;
				ENABLE_TESTABILITY = YES;
				GCC_C_LANGUAGE_STANDARD = gnu99;
				GCC_DYNAMIC_NO_PIC = NO;
				GCC_NO_COMMON_BLOCKS = YES;
				GCC_OPTIMIZATION_LEVEL = 0;
				GCC_PREPROCESSOR_DEFINITIONS = (
					"DEBUG=1",
					"$(inherited)",
				);
				GCC_WARN_64_TO_32_BIT_CONVERSION = YES;
				GCC_WARN_ABOUT_RETURN_TYPE = YES_ERROR;
				GCC_WARN_UNDECLARED_SELECTOR = YES;
				GCC_WARN_UNINITIALIZED_AUTOS = YES_AGGRESSIVE;
				GCC_WARN_UNUSED_FUNCTION = YES;
				GCC_WARN_UNUSED_VARIABLE = YES;
				IPHONEOS_DEPLOYMENT_TARGET = 10.3;
				MTL_ENABLE_DEBUG_INFO = YES;
				ONLY_ACTIVE_ARCH = YES;
				SDKROOT = iphoneos;
			};
			name = Debug;
		};
		CFBD7B231F2AE65900D7BBA8 /* Release */ = {
			isa = XCBuildConfiguration;
			buildSettings = {
				ALWAYS_SEARCH_USER_PATHS = NO;
				CLANG_ANALYZER_NONNULL = YES;
				CLANG_ANALYZER_NUMBER_OBJECT_CONVERSION = YES_AGGRESSIVE;
				CLANG_CXX_LANGUAGE_STANDARD = "gnu++0x";
				CLANG_CXX_LIBRARY = "libc++";
				CLANG_ENABLE_MODULES = YES;
				CLANG_ENABLE_OBJC_ARC = YES;
				CLANG_WARN_BOOL_CONVERSION = YES;
				CLANG_WARN_CONSTANT_CONVERSION = YES;
				CLANG_WARN_DIRECT_OBJC_ISA_USAGE = YES_ERROR;
				CLANG_WARN_DOCUMENTATION_COMMENTS = YES;
				CLANG_WARN_EMPTY_BODY = YES;
				CLANG_WARN_ENUM_CONVERSION = YES;
				CLANG_WARN_INFINITE_RECURSION = YES;
				CLANG_WARN_INT_CONVERSION = YES;
				CLANG_WARN_OBJC_ROOT_CLASS = YES_ERROR;
				CLANG_WARN_SUSPICIOUS_MOVE = YES;
				CLANG_WARN_UNREACHABLE_CODE = YES;
				CLANG_WARN__DUPLICATE_METHOD_MATCH = YES;
				"CODE_SIGN_IDENTITY[sdk=iphoneos*]" = "iPhone Developer";
				COPY_PHASE_STRIP = NO;
				DEBUG_INFORMATION_FORMAT = "dwarf-with-dsym";
				ENABLE_NS_ASSERTIONS = NO;
				ENABLE_STRICT_OBJC_MSGSEND = YES;
				GCC_C_LANGUAGE_STANDARD = gnu99;
				GCC_NO_COMMON_BLOCKS = YES;
				GCC_WARN_64_TO_32_BIT_CONVERSION = YES;
				GCC_WARN_ABOUT_RETURN_TYPE = YES_ERROR;
				GCC_WARN_UNDECLARED_SELECTOR = YES;
				GCC_WARN_UNINITIALIZED_AUTOS = YES_AGGRESSIVE;
				GCC_WARN_UNUSED_FUNCTION = YES;
				GCC_WARN_UNUSED_VARIABLE = YES;
				IPHONEOS_DEPLOYMENT_TARGET = 10.3;
				MTL_ENABLE_DEBUG_INFO = NO;
				SDKROOT = iphoneos;
				VALIDATE_PRODUCT = YES;
			};
			name = Release;
		};
		CFBD7B251F2AE65900D7BBA8 /* Debug */ = {
			isa = XCBuildConfiguration;
			buildSettings = {
				ASSETCATALOG_COMPILER_APPICON_NAME = AppIcon;
				INFOPLIST_FILE = DWCollectionViewDemo/Info.plist;
				LD_RUNPATH_SEARCH_PATHS = "$(inherited) @executable_path/Frameworks";
				PRODUCT_BUNDLE_IDENTIFIER = dawn.DWCollectionViewDemo;
				PRODUCT_NAME = "$(TARGET_NAME)";
			};
			name = Debug;
		};
		CFBD7B261F2AE65900D7BBA8 /* Release */ = {
			isa = XCBuildConfiguration;
			buildSettings = {
				ASSETCATALOG_COMPILER_APPICON_NAME = AppIcon;
				INFOPLIST_FILE = DWCollectionViewDemo/Info.plist;
				LD_RUNPATH_SEARCH_PATHS = "$(inherited) @executable_path/Frameworks";
				PRODUCT_BUNDLE_IDENTIFIER = dawn.DWCollectionViewDemo;
				PRODUCT_NAME = "$(TARGET_NAME)";
			};
			name = Release;
		};
		CFBD7B281F2AE65900D7BBA8 /* Debug */ = {
			isa = XCBuildConfiguration;
			buildSettings = {
				BUNDLE_LOADER = "$(TEST_HOST)";
				INFOPLIST_FILE = DWCollectionViewDemoTests/Info.plist;
				LD_RUNPATH_SEARCH_PATHS = "$(inherited) @executable_path/Frameworks @loader_path/Frameworks";
				PRODUCT_BUNDLE_IDENTIFIER = dawn.DWCollectionViewDemoTests;
				PRODUCT_NAME = "$(TARGET_NAME)";
				TEST_HOST = "$(BUILT_PRODUCTS_DIR)/DWCollectionViewDemo.app/DWCollectionViewDemo";
			};
			name = Debug;
		};
		CFBD7B291F2AE65900D7BBA8 /* Release */ = {
			isa = XCBuildConfiguration;
			buildSettings = {
				BUNDLE_LOADER = "$(TEST_HOST)";
				INFOPLIST_FILE = DWCollectionViewDemoTests/Info.plist;
				LD_RUNPATH_SEARCH_PATHS = "$(inherited) @executable_path/Frameworks @loader_path/Frameworks";
				PRODUCT_BUNDLE_IDENTIFIER = dawn.DWCollectionViewDemoTests;
				PRODUCT_NAME = "$(TARGET_NAME)";
				TEST_HOST = "$(BUILT_PRODUCTS_DIR)/DWCollectionViewDemo.app/DWCollectionViewDemo";
			};
			name = Release;
		};
		CFBD7B811F2AE75E00D7BBA8 /* Debug */ = {
			isa = XCBuildConfiguration;
			buildSettings = {
				CODE_SIGN_IDENTITY = "";
				CURRENT_PROJECT_VERSION = 1;
				DEFINES_MODULE = YES;
				DYLIB_COMPATIBILITY_VERSION = 1;
				DYLIB_CURRENT_VERSION = 1;
				DYLIB_INSTALL_NAME_BASE = "@rpath";
				INFOPLIST_FILE = DWCollection/Info.plist;
				INSTALL_PATH = "$(LOCAL_LIBRARY_DIR)/Frameworks";
				LD_RUNPATH_SEARCH_PATHS = "$(inherited) @executable_path/Frameworks @loader_path/Frameworks";
				OTHER_CFLAGS = "-fembed-bitcode";
				OTHER_LDFLAGS = "-all_load";
				PRODUCT_BUNDLE_IDENTIFIER = dawn.DWCollection;
				PRODUCT_NAME = "$(TARGET_NAME)";
				SKIP_INSTALL = YES;
				TARGETED_DEVICE_FAMILY = "1,2";
				VERSIONING_SYSTEM = "apple-generic";
				VERSION_INFO_PREFIX = "";
			};
			name = Debug;
		};
		CFBD7B821F2AE75E00D7BBA8 /* Release */ = {
			isa = XCBuildConfiguration;
			buildSettings = {
				CODE_SIGN_IDENTITY = "";
				CURRENT_PROJECT_VERSION = 1;
				DEFINES_MODULE = YES;
				DYLIB_COMPATIBILITY_VERSION = 1;
				DYLIB_CURRENT_VERSION = 1;
				DYLIB_INSTALL_NAME_BASE = "@rpath";
				INFOPLIST_FILE = DWCollection/Info.plist;
				INSTALL_PATH = "$(LOCAL_LIBRARY_DIR)/Frameworks";
				LD_RUNPATH_SEARCH_PATHS = "$(inherited) @executable_path/Frameworks @loader_path/Frameworks";
				OTHER_CFLAGS = "-fembed-bitcode";
				OTHER_LDFLAGS = "-all_load";
				PRODUCT_BUNDLE_IDENTIFIER = dawn.DWCollection;
				PRODUCT_NAME = "$(TARGET_NAME)";
				SKIP_INSTALL = YES;
				TARGETED_DEVICE_FAMILY = "1,2";
				VERSIONING_SYSTEM = "apple-generic";
				VERSION_INFO_PREFIX = "";
			};
			name = Release;
		};
		CFBD7B851F2AE75E00D7BBA8 /* Debug */ = {
			isa = XCBuildConfiguration;
			buildSettings = {
				INFOPLIST_FILE = DWCollectionTests/Info.plist;
				LD_RUNPATH_SEARCH_PATHS = "$(inherited) @executable_path/Frameworks @loader_path/Frameworks";
				PRODUCT_BUNDLE_IDENTIFIER = dawn.DWCollectionTests;
				PRODUCT_NAME = "$(TARGET_NAME)";
				TEST_HOST = "$(BUILT_PRODUCTS_DIR)/DWCollectionViewDemo.app/DWCollectionViewDemo";
			};
			name = Debug;
		};
		CFBD7B861F2AE75E00D7BBA8 /* Release */ = {
			isa = XCBuildConfiguration;
			buildSettings = {
				INFOPLIST_FILE = DWCollectionTests/Info.plist;
				LD_RUNPATH_SEARCH_PATHS = "$(inherited) @executable_path/Frameworks @loader_path/Frameworks";
				PRODUCT_BUNDLE_IDENTIFIER = dawn.DWCollectionTests;
				PRODUCT_NAME = "$(TARGET_NAME)";
				TEST_HOST = "$(BUILT_PRODUCTS_DIR)/DWCollectionViewDemo.app/DWCollectionViewDemo";
			};
			name = Release;
		};
/* End XCBuildConfiguration section */

/* Begin XCConfigurationList section */
		CFBD7AFD1F2AE65900D7BBA8 /* Build configuration list for PBXProject "DWCollectionViewDemo" */ = {
			isa = XCConfigurationList;
			buildConfigurations = (
				CFBD7B221F2AE65900D7BBA8 /* Debug */,
				CFBD7B231F2AE65900D7BBA8 /* Release */,
			);
			defaultConfigurationIsVisible = 0;
			defaultConfigurationName = Release;
		};
		CFBD7B241F2AE65900D7BBA8 /* Build configuration list for PBXNativeTarget "DWCollectionViewDemo" */ = {
			isa = XCConfigurationList;
			buildConfigurations = (
				CFBD7B251F2AE65900D7BBA8 /* Debug */,
				CFBD7B261F2AE65900D7BBA8 /* Release */,
			);
			defaultConfigurationIsVisible = 0;
			defaultConfigurationName = Release;
		};
		CFBD7B271F2AE65900D7BBA8 /* Build configuration list for PBXNativeTarget "DWCollectionViewDemoTests" */ = {
			isa = XCConfigurationList;
			buildConfigurations = (
				CFBD7B281F2AE65900D7BBA8 /* Debug */,
				CFBD7B291F2AE65900D7BBA8 /* Release */,
			);
			defaultConfigurationIsVisible = 0;
			defaultConfigurationName = Release;
		};
		CFBD7B801F2AE75E00D7BBA8 /* Build configuration list for PBXNativeTarget "DWCollection" */ = {
			isa = XCConfigurationList;
			buildConfigurations = (
				CFBD7B811F2AE75E00D7BBA8 /* Debug */,
				CFBD7B821F2AE75E00D7BBA8 /* Release */,
			);
			defaultConfigurationIsVisible = 0;
			defaultConfigurationName = Release;
		};
		CFBD7B841F2AE75E00D7BBA8 /* Build configuration list for PBXNativeTarget "DWCollectionTests" */ = {
			isa = XCConfigurationList;
			buildConfigurations = (
				CFBD7B851F2AE75E00D7BBA8 /* Debug */,
				CFBD7B861F2AE75E00D7BBA8 /* Release */,
			);
			defaultConfigurationIsVisible = 0;
			defaultConfigurationName = Release;
		};
/* End XCConfigurationList section */
	};
	rootObject = CFBD7AFA1F2AE65900D7BBA8 /* Project object */;
}
